
Microsoft Visual Studio Solution File, Format Version 12.00
# Visual Studio 15
VisualStudioVersion = 15.0.26403.7
MinimumVisualStudioVersion = 10.0.40219.1
Project("{2150E333-8FDC-42A3-9474-1A3956D46DE8}") = "Solution Items", "Solution Items", "{77AC3A33-C3F7-418A-AEA7-EFF70458E363}"
	ProjectSection(SolutionItems) = preProject
		license.txt = license.txt
	EndProjectSection
EndProject
Project("{2150E333-8FDC-42A3-9474-1A3956D46DE8}") = "DaisyChain", "DaisyChain", "{AC08B381-CDBA-4607-86AC-0228785F1EE5}"
EndProject
Project("{9A19103F-16F7-4668-BE54-9A1E7A4F7556}") = "Lavspent.DaisyChain", "DaisyChain\Lavspent.DaisyChain\Lavspent.DaisyChain.csproj", "{943C53CF-8B99-4D08-B2DB-C42BB2639FFC}"
EndProject
Project("{FAE04EC0-301F-11D3-BF4B-00C04F79EFBC}") = "Lavspent.DaisyChain.Uwp", "DaisyChain\Lavspent.DaisyChain.Uwp\Lavspent.DaisyChain.Uwp.csproj", "{26E276E4-F5E1-4378-9134-F66D810192E4}"
EndProject
Project("{9A19103F-16F7-4668-BE54-9A1E7A4F7556}") = "Lavspent.DaisyChain.Devices", "DaisyChain\Lavspent.DaisyChain.Devices\Lavspent.DaisyChain.Devices.csproj", "{53691581-30A0-4C38-AC57-89A7E2B61AA2}"
EndProject
Project("{9A19103F-16F7-4668-BE54-9A1E7A4F7556}") = "Lavspent.DaisyChain.Firmata", "DaisyChain\Lavspent.DaisyChain.Firmata\Lavspent.DaisyChain.Firmata.csproj", "{29960579-1698-40C7-95F5-9B16A09AD42D}"
EndProject
Project("{2150E333-8FDC-42A3-9474-1A3956D46DE8}") = "Extra", "Extra", "{BC356420-8401-4194-A9D6-054A3C447869}"
EndProject
Project("{FAE04EC0-301F-11D3-BF4B-00C04F79EFBC}") = "Lavspent.DaisyChain.Net45", "DaisyChain\Lavspent.DaisyChain.Net45\Lavspent.DaisyChain.Net45.csproj", "{E31AFD6F-A728-4DB8-B3C3-B95D25AF1110}"
EndProject
Project("{2150E333-8FDC-42A3-9474-1A3956D46DE8}") = "Samples", "Samples", "{AC565078-9545-4E3F-B62F-A2A1C54EA321}"
EndProject
Project("{2150E333-8FDC-42A3-9474-1A3956D46DE8}") = "Net45", "Net45", "{B3EF434E-533D-4683-8611-52AD2FE26925}"
EndProject
Project("{FAE04EC0-301F-11D3-BF4B-00C04F79EFBC}") = "FirmataServiceClientSocketTest", "Samples\Net45\FirmataServiceClientSocketTest\FirmataServiceClientSocketTest.csproj", "{FEF39151-F006-4559-A7B0-1F72F850B4F8}"
EndProject
Project("{FAE04EC0-301F-11D3-BF4B-00C04F79EFBC}") = "FirmataServiceServerSocketTest", "Samples\Net45\FirmataServiceServerSocketTest\FirmataServiceServerSocketTest.csproj", "{135BAD27-9AE8-4715-B153-253F11B0F98E}"
EndProject
Project("{2150E333-8FDC-42A3-9474-1A3956D46DE8}") = "Android", "Android", "{47DD7892-B951-4C64-9CEE-EB6E3D0FA5F6}"
EndProject
Project("{FAE04EC0-301F-11D3-BF4B-00C04F79EFBC}") = "XamarinAndriodTest", "Samples\Android\XamarinAndriodTest\XamarinAndriodTest.csproj", "{58FD73FA-AE2F-4E42-B919-75763EEF2341}"
EndProject
Project("{2150E333-8FDC-42A3-9474-1A3956D46DE8}") = "Uwp", "Uwp", "{C9CF19C3-32D1-4314-9236-4C08D4EECA61}"
EndProject
Project("{FAE04EC0-301F-11D3-BF4B-00C04F79EFBC}") = "UWPTestApp", "Samples\Universal\UWPTestApp\UWPTestApp.csproj", "{0F84CE2C-2272-46EE-B000-4BF050E132EC}"
EndProject
Project("{2150E333-8FDC-42A3-9474-1A3956D46DE8}") = "Iot", "Iot", "{443BFE8B-C9BD-4CEF-B87C-3612432CE96C}"
EndProject
Project("{2150E333-8FDC-42A3-9474-1A3956D46DE8}") = "Clutter", "Clutter", "{05BAC8C2-A6CF-46C8-9167-A0F3816EC535}"
EndProject
Project("{9A19103F-16F7-4668-BE54-9A1E7A4F7556}") = "Lavspent.DaisyChain.Mocks", "DaisyChain\Lavspent.DaisyChain.Mocks\Lavspent.DaisyChain.Mocks.csproj", "{48CC4A36-468E-4BB6-9730-C062CFB56CF8}"
EndProject
Project("{2150E333-8FDC-42A3-9474-1A3956D46DE8}") = "Offpiste", "Offpiste", "{81D58E37-9C78-4F6A-9B58-254877491682}"
EndProject
Project("{2150E333-8FDC-42A3-9474-1A3956D46DE8}") = "Uwp", "Uwp", "{5B3AB341-994D-4A40-96F0-58116A3F5450}"
EndProject
Project("{2150E333-8FDC-42A3-9474-1A3956D46DE8}") = "Adafruit", "Adafruit", "{69CF117C-03F9-466C-A004-71988DD94CED}"
EndProject
Project("{FAE04EC0-301F-11D3-BF4B-00C04F79EFBC}") = "ConsoleConfigurableFirmataRotaryEncoder", "Samples\Net45\ConsoleConfigurableFirmataRotaryEncoder\ConsoleConfigurableFirmataRotaryEncoder.csproj", "{7FD6814D-8B5A-448F-9900-400C69D6AD31}"
EndProject
Project("{FAE04EC0-301F-11D3-BF4B-00C04F79EFBC}") = "ConsoleFirmataAnalogRead", "Samples\Net45\ConsoleFirmataAnalogRead\ConsoleFirmataAnalogRead.csproj", "{9F71FEEF-BB3C-4BCC-A202-F8AB89DA9667}"
EndProject
Project("{FAE04EC0-301F-11D3-BF4B-00C04F79EFBC}") = "ClassicDesktopGpioInputTest", "Samples\Net45\Clutter\ClassicDesktopGpioInputTest\ClassicDesktopGpioInputTest.csproj", "{72506748-DDEF-41B0-BB01-35675FEEE0F3}"
EndProject
Project("{FAE04EC0-301F-11D3-BF4B-00C04F79EFBC}") = "ClassicDesktopTestApp", "Samples\Net45\Clutter\ClassicDesktopTestApp\ClassicDesktopTestApp.csproj", "{EE1C21A9-4F15-4484-983E-D10E52D34F08}"
EndProject
Project("{FAE04EC0-301F-11D3-BF4B-00C04F79EFBC}") = "ConsoleFirmataOneWireDS18B20", "Samples\Net45\ConsoleFirmataOneWireDS18B20\ConsoleFirmataOneWireDS18B20.csproj", "{67AA7FC5-DFF4-4BE1-8965-AE3729A95F12}"
EndProject
Project("{9A19103F-16F7-4668-BE54-9A1E7A4F7556}") = "Lavspent.DaisyChain.Fluent", "DaisyChain\Lavspent.DaisyChain.Fluent\Lavspent.DaisyChain.Fluent.csproj", "{8416C426-CC25-43CD-AD58-1673B565573F}"
EndProject
Project("{FAE04EC0-301F-11D3-BF4B-00C04F79EFBC}") = "ConsoleFirmataI2cCompass", "Samples\Net45\ConsoleFirmataCompass\ConsoleFirmataI2cCompass.csproj", "{8F356233-590D-4723-8988-4CB49FB219E6}"
EndProject
Project("{FAE04EC0-301F-11D3-BF4B-00C04F79EFBC}") = "ConsoleFirmataGpio", "Samples\Net45\ConsoleFirmataGpio\ConsoleFirmataGpio.csproj", "{BCA0DCBB-C784-4E05-BAF2-AC9947D7F32D}"
EndProject
Project("{FAE04EC0-301F-11D3-BF4B-00C04F79EFBC}") = "ConsoleFirmataI2cAccelerometer", "Samples\Net45\ConsoleFirmataI2cAccelerometer\ConsoleFirmataI2cAccelerometer.csproj", "{5BF707CB-1244-454B-BE89-FE4E2492045B}"
EndProject
Project("{FAE04EC0-301F-11D3-BF4B-00C04F79EFBC}") = "ConsoleFirmataI2cMpl3115A2", "Samples\Net45\ConsoleFirmataI2cMpl3115A2\ConsoleFirmataI2cMpl3115A2.csproj", "{E2527118-F454-4C8E-AB19-316C03828460}"
EndProject
Project("{FAE04EC0-301F-11D3-BF4B-00C04F79EFBC}") = "ConsoleFirmataInterruptGpioEncoder", "Samples\Net45\ConsoleFirmataInterruptGpioEncoder\ConsoleFirmataInterruptGpioEncoder.csproj", "{FE844F51-F596-4A8C-80D4-137ADE91EC14}"
EndProject
Project("{FAE04EC0-301F-11D3-BF4B-00C04F79EFBC}") = "ConsoleFirmataRotaryEncoder", "Samples\Net45\ConsoleFirmataRotaryEncoder\ConsoleFirmataRotaryEncoder.csproj", "{CD58F6F3-5CCF-4537-97C7-93C3D329FDDF}"
EndProject
Project("{FAE04EC0-301F-11D3-BF4B-00C04F79EFBC}") = "ConsoleUsbSerialUartOneWire", "Samples\Net45\ConsoleUsbSerialUartOneWire\ConsoleUsbSerialUartOneWire.csproj", "{000964CC-749C-43F1-A766-0751AF8B3F8F}"
EndProject
Project("{FAE04EC0-301F-11D3-BF4B-00C04F79EFBC}") = "EnumerateDevices", "Offpiste\Uwp\EnumerateDevices\EnumerateDevices.csproj", "{B5DA2F36-AAA0-495A-98C1-A82C68DD653B}"
EndProject
Project("{FAE04EC0-301F-11D3-BF4B-00C04F79EFBC}") = "ExtendNativeGpio", "Samples\Uwp\ExtendNativeGpio\ExtendNativeGpio.csproj", "{AC63F23A-7453-4D00-996C-7A60840D3990}"
EndProject
Project("{9A19103F-16F7-4668-BE54-9A1E7A4F7556}") = "Lavspent.AsyncInline", "Extra\Lavspent.AsyncInline\Lavspent.AsyncInline.csproj", "{414E8AF0-6611-4FEB-B5AB-1004CBC004A9}"
EndProject
Project("{9A19103F-16F7-4668-BE54-9A1E7A4F7556}") = "Nito.AsyncLazy", "Extra\Nito.AsyncLazy\Nito.AsyncLazy.csproj", "{16EA2AF0-A14D-4E73-92BA-2709C9015E45}"
EndProject
Project("{9A19103F-16F7-4668-BE54-9A1E7A4F7556}") = "Lavspent.Backport", "Extra\Lavspent.Backport\Lavspent.Backport.csproj", "{02C34A58-60B5-44C6-B3C8-20EC46C7FCE3}"
EndProject
Project("{9A19103F-16F7-4668-BE54-9A1E7A4F7556}") = "Lavspent.TaskReactor", "Extra\Lavspent.TaskReactor\Lavspent.TaskReactor.csproj", "{BBBEC180-B087-441C-B651-BFE382149C3B}"
EndProject
Project("{9A19103F-16F7-4668-BE54-9A1E7A4F7556}") = "Lavspent.RuntimeTypeDispatcher", "Extra\Lavspent.RuntimeTypeDispatcher\Lavspent.RuntimeTypeDispatcher.csproj", "{CBFE161C-53D3-4857-8CED-428807837428}"
EndProject
Project("{FAE04EC0-301F-11D3-BF4B-00C04F79EFBC}") = "D2xxTest", "Offpiste\Uwp\D2xxTest\D2xxTest.csproj", "{2CDD5E6E-22ED-4BA9-A6A4-3FE77EF087BE}"
EndProject
Project("{FAE04EC0-301F-11D3-BF4B-00C04F79EFBC}") = "ConsoleFirmataI2cSd1306", "Samples\Net45\ConsoleFirmataI2cSd1306\ConsoleFirmataI2cSd1306.csproj", "{5A062120-7347-4088-BA44-9C7AF0040639}"
EndProject
Project("{9A19103F-16F7-4668-BE54-9A1E7A4F7556}") = "Lavspent.DaisyChain.Adafruit", "Offpiste\Lavspent.DaisyChain.Adafruit\Lavspent.DaisyChain.Adafruit.csproj", "{FDD71926-0C4C-4BA1-AB8A-95EE137A5EE6}"
EndProject
Global
	GlobalSection(SolutionConfigurationPlatforms) = preSolution
		Debug|Any CPU = Debug|Any CPU
		Debug|ARM = Debug|ARM
		Debug|x64 = Debug|x64
		Debug|x86 = Debug|x86
		NetStandard1.6|Any CPU = NetStandard1.6|Any CPU
		NetStandard1.6|ARM = NetStandard1.6|ARM
		NetStandard1.6|x64 = NetStandard1.6|x64
		NetStandard1.6|x86 = NetStandard1.6|x86
		Release|Any CPU = Release|Any CPU
		Release|ARM = Release|ARM
		Release|x64 = Release|x64
		Release|x86 = Release|x86
	EndGlobalSection
	GlobalSection(ProjectConfigurationPlatforms) = postSolution
		{943C53CF-8B99-4D08-B2DB-C42BB2639FFC}.Debug|Any CPU.ActiveCfg = Debug|Any CPU
		{943C53CF-8B99-4D08-B2DB-C42BB2639FFC}.Debug|Any CPU.Build.0 = Debug|Any CPU
		{943C53CF-8B99-4D08-B2DB-C42BB2639FFC}.Debug|ARM.ActiveCfg = Debug|Any CPU
		{943C53CF-8B99-4D08-B2DB-C42BB2639FFC}.Debug|ARM.Build.0 = Debug|Any CPU
		{943C53CF-8B99-4D08-B2DB-C42BB2639FFC}.Debug|x64.ActiveCfg = Debug|Any CPU
		{943C53CF-8B99-4D08-B2DB-C42BB2639FFC}.Debug|x64.Build.0 = Debug|Any CPU
		{943C53CF-8B99-4D08-B2DB-C42BB2639FFC}.Debug|x86.ActiveCfg = Debug|Any CPU
		{943C53CF-8B99-4D08-B2DB-C42BB2639FFC}.Debug|x86.Build.0 = Debug|Any CPU
		{943C53CF-8B99-4D08-B2DB-C42BB2639FFC}.NetStandard1.6|Any CPU.ActiveCfg = Release|Any CPU
		{943C53CF-8B99-4D08-B2DB-C42BB2639FFC}.NetStandard1.6|Any CPU.Build.0 = Release|Any CPU
		{943C53CF-8B99-4D08-B2DB-C42BB2639FFC}.NetStandard1.6|ARM.ActiveCfg = Release|Any CPU
		{943C53CF-8B99-4D08-B2DB-C42BB2639FFC}.NetStandard1.6|ARM.Build.0 = Release|Any CPU
		{943C53CF-8B99-4D08-B2DB-C42BB2639FFC}.NetStandard1.6|x64.ActiveCfg = Release|Any CPU
		{943C53CF-8B99-4D08-B2DB-C42BB2639FFC}.NetStandard1.6|x64.Build.0 = Release|Any CPU
		{943C53CF-8B99-4D08-B2DB-C42BB2639FFC}.NetStandard1.6|x86.ActiveCfg = Release|Any CPU
		{943C53CF-8B99-4D08-B2DB-C42BB2639FFC}.NetStandard1.6|x86.Build.0 = Release|Any CPU
		{943C53CF-8B99-4D08-B2DB-C42BB2639FFC}.Release|Any CPU.ActiveCfg = Release|Any CPU
		{943C53CF-8B99-4D08-B2DB-C42BB2639FFC}.Release|Any CPU.Build.0 = Release|Any CPU
		{943C53CF-8B99-4D08-B2DB-C42BB2639FFC}.Release|ARM.ActiveCfg = Release|Any CPU
		{943C53CF-8B99-4D08-B2DB-C42BB2639FFC}.Release|ARM.Build.0 = Release|Any CPU
		{943C53CF-8B99-4D08-B2DB-C42BB2639FFC}.Release|x64.ActiveCfg = Release|Any CPU
		{943C53CF-8B99-4D08-B2DB-C42BB2639FFC}.Release|x64.Build.0 = Release|Any CPU
		{943C53CF-8B99-4D08-B2DB-C42BB2639FFC}.Release|x86.ActiveCfg = Release|Any CPU
		{943C53CF-8B99-4D08-B2DB-C42BB2639FFC}.Release|x86.Build.0 = Release|Any CPU
		{26E276E4-F5E1-4378-9134-F66D810192E4}.Debug|Any CPU.ActiveCfg = Debug|Any CPU
		{26E276E4-F5E1-4378-9134-F66D810192E4}.Debug|Any CPU.Build.0 = Debug|Any CPU
		{26E276E4-F5E1-4378-9134-F66D810192E4}.Debug|ARM.ActiveCfg = Debug|ARM
		{26E276E4-F5E1-4378-9134-F66D810192E4}.Debug|ARM.Build.0 = Debug|ARM
		{26E276E4-F5E1-4378-9134-F66D810192E4}.Debug|x64.ActiveCfg = Debug|x64
		{26E276E4-F5E1-4378-9134-F66D810192E4}.Debug|x64.Build.0 = Debug|x64
		{26E276E4-F5E1-4378-9134-F66D810192E4}.Debug|x86.ActiveCfg = Debug|x86
		{26E276E4-F5E1-4378-9134-F66D810192E4}.Debug|x86.Build.0 = Debug|x86
		{26E276E4-F5E1-4378-9134-F66D810192E4}.NetStandard1.6|Any CPU.ActiveCfg = Release|Any CPU
		{26E276E4-F5E1-4378-9134-F66D810192E4}.NetStandard1.6|Any CPU.Build.0 = Release|Any CPU
		{26E276E4-F5E1-4378-9134-F66D810192E4}.NetStandard1.6|ARM.ActiveCfg = Release|ARM
		{26E276E4-F5E1-4378-9134-F66D810192E4}.NetStandard1.6|ARM.Build.0 = Release|ARM
		{26E276E4-F5E1-4378-9134-F66D810192E4}.NetStandard1.6|x64.ActiveCfg = Release|x64
		{26E276E4-F5E1-4378-9134-F66D810192E4}.NetStandard1.6|x64.Build.0 = Release|x64
		{26E276E4-F5E1-4378-9134-F66D810192E4}.NetStandard1.6|x86.ActiveCfg = Release|x86
		{26E276E4-F5E1-4378-9134-F66D810192E4}.NetStandard1.6|x86.Build.0 = Release|x86
		{26E276E4-F5E1-4378-9134-F66D810192E4}.Release|Any CPU.ActiveCfg = Release|Any CPU
		{26E276E4-F5E1-4378-9134-F66D810192E4}.Release|Any CPU.Build.0 = Release|Any CPU
		{26E276E4-F5E1-4378-9134-F66D810192E4}.Release|ARM.ActiveCfg = Release|ARM
		{26E276E4-F5E1-4378-9134-F66D810192E4}.Release|ARM.Build.0 = Release|ARM
		{26E276E4-F5E1-4378-9134-F66D810192E4}.Release|x64.ActiveCfg = Release|x64
		{26E276E4-F5E1-4378-9134-F66D810192E4}.Release|x64.Build.0 = Release|x64
		{26E276E4-F5E1-4378-9134-F66D810192E4}.Release|x86.ActiveCfg = Release|x86
		{26E276E4-F5E1-4378-9134-F66D810192E4}.Release|x86.Build.0 = Release|x86
		{53691581-30A0-4C38-AC57-89A7E2B61AA2}.Debug|Any CPU.ActiveCfg = Debug|Any CPU
		{53691581-30A0-4C38-AC57-89A7E2B61AA2}.Debug|Any CPU.Build.0 = Debug|Any CPU
		{53691581-30A0-4C38-AC57-89A7E2B61AA2}.Debug|ARM.ActiveCfg = Debug|Any CPU
		{53691581-30A0-4C38-AC57-89A7E2B61AA2}.Debug|ARM.Build.0 = Debug|Any CPU
		{53691581-30A0-4C38-AC57-89A7E2B61AA2}.Debug|x64.ActiveCfg = Debug|Any CPU
		{53691581-30A0-4C38-AC57-89A7E2B61AA2}.Debug|x64.Build.0 = Debug|Any CPU
		{53691581-30A0-4C38-AC57-89A7E2B61AA2}.Debug|x86.ActiveCfg = Debug|Any CPU
		{53691581-30A0-4C38-AC57-89A7E2B61AA2}.Debug|x86.Build.0 = Debug|Any CPU
		{53691581-30A0-4C38-AC57-89A7E2B61AA2}.NetStandard1.6|Any CPU.ActiveCfg = Release|Any CPU
		{53691581-30A0-4C38-AC57-89A7E2B61AA2}.NetStandard1.6|Any CPU.Build.0 = Release|Any CPU
		{53691581-30A0-4C38-AC57-89A7E2B61AA2}.NetStandard1.6|ARM.ActiveCfg = Release|Any CPU
		{53691581-30A0-4C38-AC57-89A7E2B61AA2}.NetStandard1.6|ARM.Build.0 = Release|Any CPU
		{53691581-30A0-4C38-AC57-89A7E2B61AA2}.NetStandard1.6|x64.ActiveCfg = Release|Any CPU
		{53691581-30A0-4C38-AC57-89A7E2B61AA2}.NetStandard1.6|x64.Build.0 = Release|Any CPU
		{53691581-30A0-4C38-AC57-89A7E2B61AA2}.NetStandard1.6|x86.ActiveCfg = Release|Any CPU
		{53691581-30A0-4C38-AC57-89A7E2B61AA2}.NetStandard1.6|x86.Build.0 = Release|Any CPU
		{53691581-30A0-4C38-AC57-89A7E2B61AA2}.Release|Any CPU.ActiveCfg = Release|Any CPU
		{53691581-30A0-4C38-AC57-89A7E2B61AA2}.Release|Any CPU.Build.0 = Release|Any CPU
		{53691581-30A0-4C38-AC57-89A7E2B61AA2}.Release|ARM.ActiveCfg = Release|Any CPU
		{53691581-30A0-4C38-AC57-89A7E2B61AA2}.Release|ARM.Build.0 = Release|Any CPU
		{53691581-30A0-4C38-AC57-89A7E2B61AA2}.Release|x64.ActiveCfg = Release|Any CPU
		{53691581-30A0-4C38-AC57-89A7E2B61AA2}.Release|x64.Build.0 = Release|Any CPU
		{53691581-30A0-4C38-AC57-89A7E2B61AA2}.Release|x86.ActiveCfg = Release|Any CPU
		{53691581-30A0-4C38-AC57-89A7E2B61AA2}.Release|x86.Build.0 = Release|Any CPU
		{29960579-1698-40C7-95F5-9B16A09AD42D}.Debug|Any CPU.ActiveCfg = Debug|Any CPU
		{29960579-1698-40C7-95F5-9B16A09AD42D}.Debug|Any CPU.Build.0 = Debug|Any CPU
		{29960579-1698-40C7-95F5-9B16A09AD42D}.Debug|ARM.ActiveCfg = Debug|Any CPU
		{29960579-1698-40C7-95F5-9B16A09AD42D}.Debug|ARM.Build.0 = Debug|Any CPU
		{29960579-1698-40C7-95F5-9B16A09AD42D}.Debug|x64.ActiveCfg = Debug|Any CPU
		{29960579-1698-40C7-95F5-9B16A09AD42D}.Debug|x64.Build.0 = Debug|Any CPU
		{29960579-1698-40C7-95F5-9B16A09AD42D}.Debug|x86.ActiveCfg = Debug|Any CPU
		{29960579-1698-40C7-95F5-9B16A09AD42D}.Debug|x86.Build.0 = Debug|Any CPU
		{29960579-1698-40C7-95F5-9B16A09AD42D}.NetStandard1.6|Any CPU.ActiveCfg = Release|Any CPU
		{29960579-1698-40C7-95F5-9B16A09AD42D}.NetStandard1.6|Any CPU.Build.0 = Release|Any CPU
		{29960579-1698-40C7-95F5-9B16A09AD42D}.NetStandard1.6|ARM.ActiveCfg = Release|Any CPU
		{29960579-1698-40C7-95F5-9B16A09AD42D}.NetStandard1.6|ARM.Build.0 = Release|Any CPU
		{29960579-1698-40C7-95F5-9B16A09AD42D}.NetStandard1.6|x64.ActiveCfg = Release|Any CPU
		{29960579-1698-40C7-95F5-9B16A09AD42D}.NetStandard1.6|x64.Build.0 = Release|Any CPU
		{29960579-1698-40C7-95F5-9B16A09AD42D}.NetStandard1.6|x86.ActiveCfg = Release|Any CPU
		{29960579-1698-40C7-95F5-9B16A09AD42D}.NetStandard1.6|x86.Build.0 = Release|Any CPU
		{29960579-1698-40C7-95F5-9B16A09AD42D}.Release|Any CPU.ActiveCfg = Release|Any CPU
		{29960579-1698-40C7-95F5-9B16A09AD42D}.Release|Any CPU.Build.0 = Release|Any CPU
		{29960579-1698-40C7-95F5-9B16A09AD42D}.Release|ARM.ActiveCfg = Release|Any CPU
		{29960579-1698-40C7-95F5-9B16A09AD42D}.Release|ARM.Build.0 = Release|Any CPU
		{29960579-1698-40C7-95F5-9B16A09AD42D}.Release|x64.ActiveCfg = Release|Any CPU
		{29960579-1698-40C7-95F5-9B16A09AD42D}.Release|x64.Build.0 = Release|Any CPU
		{29960579-1698-40C7-95F5-9B16A09AD42D}.Release|x86.ActiveCfg = Release|Any CPU
		{29960579-1698-40C7-95F5-9B16A09AD42D}.Release|x86.Build.0 = Release|Any CPU
		{E31AFD6F-A728-4DB8-B3C3-B95D25AF1110}.Debug|Any CPU.ActiveCfg = Debug|Any CPU
		{E31AFD6F-A728-4DB8-B3C3-B95D25AF1110}.Debug|Any CPU.Build.0 = Debug|Any CPU
		{E31AFD6F-A728-4DB8-B3C3-B95D25AF1110}.Debug|ARM.ActiveCfg = Debug|Any CPU
		{E31AFD6F-A728-4DB8-B3C3-B95D25AF1110}.Debug|ARM.Build.0 = Debug|Any CPU
		{E31AFD6F-A728-4DB8-B3C3-B95D25AF1110}.Debug|x64.ActiveCfg = Debug|Any CPU
		{E31AFD6F-A728-4DB8-B3C3-B95D25AF1110}.Debug|x64.Build.0 = Debug|Any CPU
		{E31AFD6F-A728-4DB8-B3C3-B95D25AF1110}.Debug|x86.ActiveCfg = Debug|Any CPU
		{E31AFD6F-A728-4DB8-B3C3-B95D25AF1110}.Debug|x86.Build.0 = Debug|Any CPU
		{E31AFD6F-A728-4DB8-B3C3-B95D25AF1110}.NetStandard1.6|Any CPU.ActiveCfg = Release|Any CPU
		{E31AFD6F-A728-4DB8-B3C3-B95D25AF1110}.NetStandard1.6|Any CPU.Build.0 = Release|Any CPU
		{E31AFD6F-A728-4DB8-B3C3-B95D25AF1110}.NetStandard1.6|ARM.ActiveCfg = Release|Any CPU
		{E31AFD6F-A728-4DB8-B3C3-B95D25AF1110}.NetStandard1.6|ARM.Build.0 = Release|Any CPU
		{E31AFD6F-A728-4DB8-B3C3-B95D25AF1110}.NetStandard1.6|x64.ActiveCfg = Release|Any CPU
		{E31AFD6F-A728-4DB8-B3C3-B95D25AF1110}.NetStandard1.6|x64.Build.0 = Release|Any CPU
		{E31AFD6F-A728-4DB8-B3C3-B95D25AF1110}.NetStandard1.6|x86.ActiveCfg = Release|Any CPU
		{E31AFD6F-A728-4DB8-B3C3-B95D25AF1110}.NetStandard1.6|x86.Build.0 = Release|Any CPU
		{E31AFD6F-A728-4DB8-B3C3-B95D25AF1110}.Release|Any CPU.ActiveCfg = Release|Any CPU
		{E31AFD6F-A728-4DB8-B3C3-B95D25AF1110}.Release|Any CPU.Build.0 = Release|Any CPU
		{E31AFD6F-A728-4DB8-B3C3-B95D25AF1110}.Release|ARM.ActiveCfg = Release|Any CPU
		{E31AFD6F-A728-4DB8-B3C3-B95D25AF1110}.Release|ARM.Build.0 = Release|Any CPU
		{E31AFD6F-A728-4DB8-B3C3-B95D25AF1110}.Release|x64.ActiveCfg = Release|Any CPU
		{E31AFD6F-A728-4DB8-B3C3-B95D25AF1110}.Release|x64.Build.0 = Release|Any CPU
		{E31AFD6F-A728-4DB8-B3C3-B95D25AF1110}.Release|x86.ActiveCfg = Release|Any CPU
		{E31AFD6F-A728-4DB8-B3C3-B95D25AF1110}.Release|x86.Build.0 = Release|Any CPU
		{FEF39151-F006-4559-A7B0-1F72F850B4F8}.Debug|Any CPU.ActiveCfg = Debug|Any CPU
		{FEF39151-F006-4559-A7B0-1F72F850B4F8}.Debug|Any CPU.Build.0 = Debug|Any CPU
		{FEF39151-F006-4559-A7B0-1F72F850B4F8}.Debug|ARM.ActiveCfg = Debug|Any CPU
		{FEF39151-F006-4559-A7B0-1F72F850B4F8}.Debug|ARM.Build.0 = Debug|Any CPU
		{FEF39151-F006-4559-A7B0-1F72F850B4F8}.Debug|x64.ActiveCfg = Debug|Any CPU
		{FEF39151-F006-4559-A7B0-1F72F850B4F8}.Debug|x64.Build.0 = Debug|Any CPU
		{FEF39151-F006-4559-A7B0-1F72F850B4F8}.Debug|x86.ActiveCfg = Debug|Any CPU
		{FEF39151-F006-4559-A7B0-1F72F850B4F8}.Debug|x86.Build.0 = Debug|Any CPU
		{FEF39151-F006-4559-A7B0-1F72F850B4F8}.NetStandard1.6|Any CPU.ActiveCfg = Release|Any CPU
		{FEF39151-F006-4559-A7B0-1F72F850B4F8}.NetStandard1.6|Any CPU.Build.0 = Release|Any CPU
		{FEF39151-F006-4559-A7B0-1F72F850B4F8}.NetStandard1.6|ARM.ActiveCfg = Release|Any CPU
		{FEF39151-F006-4559-A7B0-1F72F850B4F8}.NetStandard1.6|ARM.Build.0 = Release|Any CPU
		{FEF39151-F006-4559-A7B0-1F72F850B4F8}.NetStandard1.6|x64.ActiveCfg = Release|Any CPU
		{FEF39151-F006-4559-A7B0-1F72F850B4F8}.NetStandard1.6|x64.Build.0 = Release|Any CPU
		{FEF39151-F006-4559-A7B0-1F72F850B4F8}.NetStandard1.6|x86.ActiveCfg = Release|Any CPU
		{FEF39151-F006-4559-A7B0-1F72F850B4F8}.NetStandard1.6|x86.Build.0 = Release|Any CPU
		{FEF39151-F006-4559-A7B0-1F72F850B4F8}.Release|Any CPU.ActiveCfg = Release|Any CPU
		{FEF39151-F006-4559-A7B0-1F72F850B4F8}.Release|Any CPU.Build.0 = Release|Any CPU
		{FEF39151-F006-4559-A7B0-1F72F850B4F8}.Release|ARM.ActiveCfg = Release|Any CPU
		{FEF39151-F006-4559-A7B0-1F72F850B4F8}.Release|ARM.Build.0 = Release|Any CPU
		{FEF39151-F006-4559-A7B0-1F72F850B4F8}.Release|x64.ActiveCfg = Release|Any CPU
		{FEF39151-F006-4559-A7B0-1F72F850B4F8}.Release|x64.Build.0 = Release|Any CPU
		{FEF39151-F006-4559-A7B0-1F72F850B4F8}.Release|x86.ActiveCfg = Release|Any CPU
		{FEF39151-F006-4559-A7B0-1F72F850B4F8}.Release|x86.Build.0 = Release|Any CPU
		{135BAD27-9AE8-4715-B153-253F11B0F98E}.Debug|Any CPU.ActiveCfg = Debug|Any CPU
		{135BAD27-9AE8-4715-B153-253F11B0F98E}.Debug|Any CPU.Build.0 = Debug|Any CPU
		{135BAD27-9AE8-4715-B153-253F11B0F98E}.Debug|ARM.ActiveCfg = Debug|Any CPU
		{135BAD27-9AE8-4715-B153-253F11B0F98E}.Debug|ARM.Build.0 = Debug|Any CPU
		{135BAD27-9AE8-4715-B153-253F11B0F98E}.Debug|x64.ActiveCfg = Debug|Any CPU
		{135BAD27-9AE8-4715-B153-253F11B0F98E}.Debug|x64.Build.0 = Debug|Any CPU
		{135BAD27-9AE8-4715-B153-253F11B0F98E}.Debug|x86.ActiveCfg = Debug|Any CPU
		{135BAD27-9AE8-4715-B153-253F11B0F98E}.Debug|x86.Build.0 = Debug|Any CPU
		{135BAD27-9AE8-4715-B153-253F11B0F98E}.NetStandard1.6|Any CPU.ActiveCfg = Release|Any CPU
		{135BAD27-9AE8-4715-B153-253F11B0F98E}.NetStandard1.6|Any CPU.Build.0 = Release|Any CPU
		{135BAD27-9AE8-4715-B153-253F11B0F98E}.NetStandard1.6|ARM.ActiveCfg = Release|Any CPU
		{135BAD27-9AE8-4715-B153-253F11B0F98E}.NetStandard1.6|ARM.Build.0 = Release|Any CPU
		{135BAD27-9AE8-4715-B153-253F11B0F98E}.NetStandard1.6|x64.ActiveCfg = Release|Any CPU
		{135BAD27-9AE8-4715-B153-253F11B0F98E}.NetStandard1.6|x64.Build.0 = Release|Any CPU
		{135BAD27-9AE8-4715-B153-253F11B0F98E}.NetStandard1.6|x86.ActiveCfg = Release|Any CPU
		{135BAD27-9AE8-4715-B153-253F11B0F98E}.NetStandard1.6|x86.Build.0 = Release|Any CPU
		{135BAD27-9AE8-4715-B153-253F11B0F98E}.Release|Any CPU.ActiveCfg = Release|Any CPU
		{135BAD27-9AE8-4715-B153-253F11B0F98E}.Release|Any CPU.Build.0 = Release|Any CPU
		{135BAD27-9AE8-4715-B153-253F11B0F98E}.Release|ARM.ActiveCfg = Release|Any CPU
		{135BAD27-9AE8-4715-B153-253F11B0F98E}.Release|ARM.Build.0 = Release|Any CPU
		{135BAD27-9AE8-4715-B153-253F11B0F98E}.Release|x64.ActiveCfg = Release|Any CPU
		{135BAD27-9AE8-4715-B153-253F11B0F98E}.Release|x64.Build.0 = Release|Any CPU
		{135BAD27-9AE8-4715-B153-253F11B0F98E}.Release|x86.ActiveCfg = Release|Any CPU
		{135BAD27-9AE8-4715-B153-253F11B0F98E}.Release|x86.Build.0 = Release|Any CPU
		{58FD73FA-AE2F-4E42-B919-75763EEF2341}.Debug|Any CPU.ActiveCfg = Debug|Any CPU
		{58FD73FA-AE2F-4E42-B919-75763EEF2341}.Debug|Any CPU.Build.0 = Debug|Any CPU
		{58FD73FA-AE2F-4E42-B919-75763EEF2341}.Debug|ARM.ActiveCfg = Debug|Any CPU
		{58FD73FA-AE2F-4E42-B919-75763EEF2341}.Debug|ARM.Build.0 = Debug|Any CPU
		{58FD73FA-AE2F-4E42-B919-75763EEF2341}.Debug|ARM.Deploy.0 = Debug|Any CPU
		{58FD73FA-AE2F-4E42-B919-75763EEF2341}.Debug|x64.ActiveCfg = Debug|Any CPU
		{58FD73FA-AE2F-4E42-B919-75763EEF2341}.Debug|x64.Build.0 = Debug|Any CPU
		{58FD73FA-AE2F-4E42-B919-75763EEF2341}.Debug|x64.Deploy.0 = Debug|Any CPU
		{58FD73FA-AE2F-4E42-B919-75763EEF2341}.Debug|x86.ActiveCfg = Debug|Any CPU
		{58FD73FA-AE2F-4E42-B919-75763EEF2341}.Debug|x86.Build.0 = Debug|Any CPU
		{58FD73FA-AE2F-4E42-B919-75763EEF2341}.Debug|x86.Deploy.0 = Debug|Any CPU
		{58FD73FA-AE2F-4E42-B919-75763EEF2341}.NetStandard1.6|Any CPU.ActiveCfg = Release|Any CPU
		{58FD73FA-AE2F-4E42-B919-75763EEF2341}.NetStandard1.6|Any CPU.Build.0 = Release|Any CPU
		{58FD73FA-AE2F-4E42-B919-75763EEF2341}.NetStandard1.6|Any CPU.Deploy.0 = Release|Any CPU
		{58FD73FA-AE2F-4E42-B919-75763EEF2341}.NetStandard1.6|ARM.ActiveCfg = Release|Any CPU
		{58FD73FA-AE2F-4E42-B919-75763EEF2341}.NetStandard1.6|ARM.Build.0 = Release|Any CPU
		{58FD73FA-AE2F-4E42-B919-75763EEF2341}.NetStandard1.6|ARM.Deploy.0 = Release|Any CPU
		{58FD73FA-AE2F-4E42-B919-75763EEF2341}.NetStandard1.6|x64.ActiveCfg = Release|Any CPU
		{58FD73FA-AE2F-4E42-B919-75763EEF2341}.NetStandard1.6|x64.Build.0 = Release|Any CPU
		{58FD73FA-AE2F-4E42-B919-75763EEF2341}.NetStandard1.6|x64.Deploy.0 = Release|Any CPU
		{58FD73FA-AE2F-4E42-B919-75763EEF2341}.NetStandard1.6|x86.ActiveCfg = Release|Any CPU
		{58FD73FA-AE2F-4E42-B919-75763EEF2341}.NetStandard1.6|x86.Build.0 = Release|Any CPU
		{58FD73FA-AE2F-4E42-B919-75763EEF2341}.NetStandard1.6|x86.Deploy.0 = Release|Any CPU
		{58FD73FA-AE2F-4E42-B919-75763EEF2341}.Release|Any CPU.ActiveCfg = Release|Any CPU
		{58FD73FA-AE2F-4E42-B919-75763EEF2341}.Release|Any CPU.Build.0 = Release|Any CPU
		{58FD73FA-AE2F-4E42-B919-75763EEF2341}.Release|Any CPU.Deploy.0 = Release|Any CPU
		{58FD73FA-AE2F-4E42-B919-75763EEF2341}.Release|ARM.ActiveCfg = Release|Any CPU
		{58FD73FA-AE2F-4E42-B919-75763EEF2341}.Release|ARM.Build.0 = Release|Any CPU
		{58FD73FA-AE2F-4E42-B919-75763EEF2341}.Release|ARM.Deploy.0 = Release|Any CPU
		{58FD73FA-AE2F-4E42-B919-75763EEF2341}.Release|x64.ActiveCfg = Release|Any CPU
		{58FD73FA-AE2F-4E42-B919-75763EEF2341}.Release|x64.Build.0 = Release|Any CPU
		{58FD73FA-AE2F-4E42-B919-75763EEF2341}.Release|x64.Deploy.0 = Release|Any CPU
		{58FD73FA-AE2F-4E42-B919-75763EEF2341}.Release|x86.ActiveCfg = Release|Any CPU
		{58FD73FA-AE2F-4E42-B919-75763EEF2341}.Release|x86.Build.0 = Release|Any CPU
		{58FD73FA-AE2F-4E42-B919-75763EEF2341}.Release|x86.Deploy.0 = Release|Any CPU
		{0F84CE2C-2272-46EE-B000-4BF050E132EC}.Debug|Any CPU.ActiveCfg = Debug|x86
		{0F84CE2C-2272-46EE-B000-4BF050E132EC}.Debug|ARM.ActiveCfg = Debug|ARM
		{0F84CE2C-2272-46EE-B000-4BF050E132EC}.Debug|ARM.Build.0 = Debug|ARM
		{0F84CE2C-2272-46EE-B000-4BF050E132EC}.Debug|ARM.Deploy.0 = Debug|ARM
		{0F84CE2C-2272-46EE-B000-4BF050E132EC}.Debug|x64.ActiveCfg = Debug|x64
		{0F84CE2C-2272-46EE-B000-4BF050E132EC}.Debug|x64.Build.0 = Debug|x64
		{0F84CE2C-2272-46EE-B000-4BF050E132EC}.Debug|x64.Deploy.0 = Debug|x64
		{0F84CE2C-2272-46EE-B000-4BF050E132EC}.Debug|x86.ActiveCfg = Debug|x86
		{0F84CE2C-2272-46EE-B000-4BF050E132EC}.Debug|x86.Build.0 = Debug|x86
		{0F84CE2C-2272-46EE-B000-4BF050E132EC}.Debug|x86.Deploy.0 = Debug|x86
		{0F84CE2C-2272-46EE-B000-4BF050E132EC}.NetStandard1.6|Any CPU.ActiveCfg = Release|x86
		{0F84CE2C-2272-46EE-B000-4BF050E132EC}.NetStandard1.6|ARM.ActiveCfg = Release|ARM
		{0F84CE2C-2272-46EE-B000-4BF050E132EC}.NetStandard1.6|ARM.Build.0 = Release|ARM
		{0F84CE2C-2272-46EE-B000-4BF050E132EC}.NetStandard1.6|ARM.Deploy.0 = Release|ARM
		{0F84CE2C-2272-46EE-B000-4BF050E132EC}.NetStandard1.6|x64.ActiveCfg = Release|x64
		{0F84CE2C-2272-46EE-B000-4BF050E132EC}.NetStandard1.6|x64.Build.0 = Release|x64
		{0F84CE2C-2272-46EE-B000-4BF050E132EC}.NetStandard1.6|x64.Deploy.0 = Release|x64
		{0F84CE2C-2272-46EE-B000-4BF050E132EC}.NetStandard1.6|x86.ActiveCfg = Release|x86
		{0F84CE2C-2272-46EE-B000-4BF050E132EC}.NetStandard1.6|x86.Build.0 = Release|x86
		{0F84CE2C-2272-46EE-B000-4BF050E132EC}.NetStandard1.6|x86.Deploy.0 = Release|x86
		{0F84CE2C-2272-46EE-B000-4BF050E132EC}.Release|Any CPU.ActiveCfg = Release|x86
		{0F84CE2C-2272-46EE-B000-4BF050E132EC}.Release|ARM.ActiveCfg = Release|ARM
		{0F84CE2C-2272-46EE-B000-4BF050E132EC}.Release|ARM.Build.0 = Release|ARM
		{0F84CE2C-2272-46EE-B000-4BF050E132EC}.Release|ARM.Deploy.0 = Release|ARM
		{0F84CE2C-2272-46EE-B000-4BF050E132EC}.Release|x64.ActiveCfg = Release|x64
		{0F84CE2C-2272-46EE-B000-4BF050E132EC}.Release|x64.Build.0 = Release|x64
		{0F84CE2C-2272-46EE-B000-4BF050E132EC}.Release|x64.Deploy.0 = Release|x64
		{0F84CE2C-2272-46EE-B000-4BF050E132EC}.Release|x86.ActiveCfg = Release|x86
		{0F84CE2C-2272-46EE-B000-4BF050E132EC}.Release|x86.Build.0 = Release|x86
		{0F84CE2C-2272-46EE-B000-4BF050E132EC}.Release|x86.Deploy.0 = Release|x86
		{48CC4A36-468E-4BB6-9730-C062CFB56CF8}.Debug|Any CPU.ActiveCfg = Debug|Any CPU
		{48CC4A36-468E-4BB6-9730-C062CFB56CF8}.Debug|Any CPU.Build.0 = Debug|Any CPU
		{48CC4A36-468E-4BB6-9730-C062CFB56CF8}.Debug|ARM.ActiveCfg = Debug|Any CPU
		{48CC4A36-468E-4BB6-9730-C062CFB56CF8}.Debug|ARM.Build.0 = Debug|Any CPU
		{48CC4A36-468E-4BB6-9730-C062CFB56CF8}.Debug|x64.ActiveCfg = Debug|Any CPU
		{48CC4A36-468E-4BB6-9730-C062CFB56CF8}.Debug|x64.Build.0 = Debug|Any CPU
		{48CC4A36-468E-4BB6-9730-C062CFB56CF8}.Debug|x86.ActiveCfg = Debug|Any CPU
		{48CC4A36-468E-4BB6-9730-C062CFB56CF8}.Debug|x86.Build.0 = Debug|Any CPU
		{48CC4A36-468E-4BB6-9730-C062CFB56CF8}.NetStandard1.6|Any CPU.ActiveCfg = Release|Any CPU
		{48CC4A36-468E-4BB6-9730-C062CFB56CF8}.NetStandard1.6|Any CPU.Build.0 = Release|Any CPU
		{48CC4A36-468E-4BB6-9730-C062CFB56CF8}.NetStandard1.6|ARM.ActiveCfg = Release|Any CPU
		{48CC4A36-468E-4BB6-9730-C062CFB56CF8}.NetStandard1.6|ARM.Build.0 = Release|Any CPU
		{48CC4A36-468E-4BB6-9730-C062CFB56CF8}.NetStandard1.6|x64.ActiveCfg = Release|Any CPU
		{48CC4A36-468E-4BB6-9730-C062CFB56CF8}.NetStandard1.6|x64.Build.0 = Release|Any CPU
		{48CC4A36-468E-4BB6-9730-C062CFB56CF8}.NetStandard1.6|x86.ActiveCfg = Release|Any CPU
		{48CC4A36-468E-4BB6-9730-C062CFB56CF8}.NetStandard1.6|x86.Build.0 = Release|Any CPU
		{48CC4A36-468E-4BB6-9730-C062CFB56CF8}.Release|Any CPU.ActiveCfg = Release|Any CPU
		{48CC4A36-468E-4BB6-9730-C062CFB56CF8}.Release|Any CPU.Build.0 = Release|Any CPU
		{48CC4A36-468E-4BB6-9730-C062CFB56CF8}.Release|ARM.ActiveCfg = Release|Any CPU
		{48CC4A36-468E-4BB6-9730-C062CFB56CF8}.Release|ARM.Build.0 = Release|Any CPU
		{48CC4A36-468E-4BB6-9730-C062CFB56CF8}.Release|x64.ActiveCfg = Release|Any CPU
		{48CC4A36-468E-4BB6-9730-C062CFB56CF8}.Release|x64.Build.0 = Release|Any CPU
		{48CC4A36-468E-4BB6-9730-C062CFB56CF8}.Release|x86.ActiveCfg = Release|Any CPU
		{48CC4A36-468E-4BB6-9730-C062CFB56CF8}.Release|x86.Build.0 = Release|Any CPU
		{7FD6814D-8B5A-448F-9900-400C69D6AD31}.Debug|Any CPU.ActiveCfg = Debug|Any CPU
		{7FD6814D-8B5A-448F-9900-400C69D6AD31}.Debug|Any CPU.Build.0 = Debug|Any CPU
		{7FD6814D-8B5A-448F-9900-400C69D6AD31}.Debug|ARM.ActiveCfg = Debug|Any CPU
		{7FD6814D-8B5A-448F-9900-400C69D6AD31}.Debug|ARM.Build.0 = Debug|Any CPU
		{7FD6814D-8B5A-448F-9900-400C69D6AD31}.Debug|x64.ActiveCfg = Debug|Any CPU
		{7FD6814D-8B5A-448F-9900-400C69D6AD31}.Debug|x64.Build.0 = Debug|Any CPU
		{7FD6814D-8B5A-448F-9900-400C69D6AD31}.Debug|x86.ActiveCfg = Debug|Any CPU
		{7FD6814D-8B5A-448F-9900-400C69D6AD31}.Debug|x86.Build.0 = Debug|Any CPU
		{7FD6814D-8B5A-448F-9900-400C69D6AD31}.NetStandard1.6|Any CPU.ActiveCfg = Release|Any CPU
		{7FD6814D-8B5A-448F-9900-400C69D6AD31}.NetStandard1.6|Any CPU.Build.0 = Release|Any CPU
		{7FD6814D-8B5A-448F-9900-400C69D6AD31}.NetStandard1.6|ARM.ActiveCfg = Release|Any CPU
		{7FD6814D-8B5A-448F-9900-400C69D6AD31}.NetStandard1.6|ARM.Build.0 = Release|Any CPU
		{7FD6814D-8B5A-448F-9900-400C69D6AD31}.NetStandard1.6|x64.ActiveCfg = Release|Any CPU
		{7FD6814D-8B5A-448F-9900-400C69D6AD31}.NetStandard1.6|x64.Build.0 = Release|Any CPU
		{7FD6814D-8B5A-448F-9900-400C69D6AD31}.NetStandard1.6|x86.ActiveCfg = Release|Any CPU
		{7FD6814D-8B5A-448F-9900-400C69D6AD31}.NetStandard1.6|x86.Build.0 = Release|Any CPU
		{7FD6814D-8B5A-448F-9900-400C69D6AD31}.Release|Any CPU.ActiveCfg = Release|Any CPU
		{7FD6814D-8B5A-448F-9900-400C69D6AD31}.Release|Any CPU.Build.0 = Release|Any CPU
		{7FD6814D-8B5A-448F-9900-400C69D6AD31}.Release|ARM.ActiveCfg = Release|Any CPU
		{7FD6814D-8B5A-448F-9900-400C69D6AD31}.Release|ARM.Build.0 = Release|Any CPU
		{7FD6814D-8B5A-448F-9900-400C69D6AD31}.Release|x64.ActiveCfg = Release|Any CPU
		{7FD6814D-8B5A-448F-9900-400C69D6AD31}.Release|x64.Build.0 = Release|Any CPU
		{7FD6814D-8B5A-448F-9900-400C69D6AD31}.Release|x86.ActiveCfg = Release|Any CPU
		{7FD6814D-8B5A-448F-9900-400C69D6AD31}.Release|x86.Build.0 = Release|Any CPU
		{9F71FEEF-BB3C-4BCC-A202-F8AB89DA9667}.Debug|Any CPU.ActiveCfg = Debug|Any CPU
		{9F71FEEF-BB3C-4BCC-A202-F8AB89DA9667}.Debug|Any CPU.Build.0 = Debug|Any CPU
		{9F71FEEF-BB3C-4BCC-A202-F8AB89DA9667}.Debug|ARM.ActiveCfg = Debug|Any CPU
		{9F71FEEF-BB3C-4BCC-A202-F8AB89DA9667}.Debug|ARM.Build.0 = Debug|Any CPU
		{9F71FEEF-BB3C-4BCC-A202-F8AB89DA9667}.Debug|x64.ActiveCfg = Debug|Any CPU
		{9F71FEEF-BB3C-4BCC-A202-F8AB89DA9667}.Debug|x64.Build.0 = Debug|Any CPU
		{9F71FEEF-BB3C-4BCC-A202-F8AB89DA9667}.Debug|x86.ActiveCfg = Debug|Any CPU
		{9F71FEEF-BB3C-4BCC-A202-F8AB89DA9667}.Debug|x86.Build.0 = Debug|Any CPU
		{9F71FEEF-BB3C-4BCC-A202-F8AB89DA9667}.NetStandard1.6|Any CPU.ActiveCfg = Release|Any CPU
		{9F71FEEF-BB3C-4BCC-A202-F8AB89DA9667}.NetStandard1.6|Any CPU.Build.0 = Release|Any CPU
		{9F71FEEF-BB3C-4BCC-A202-F8AB89DA9667}.NetStandard1.6|ARM.ActiveCfg = Release|Any CPU
		{9F71FEEF-BB3C-4BCC-A202-F8AB89DA9667}.NetStandard1.6|ARM.Build.0 = Release|Any CPU
		{9F71FEEF-BB3C-4BCC-A202-F8AB89DA9667}.NetStandard1.6|x64.ActiveCfg = Release|Any CPU
		{9F71FEEF-BB3C-4BCC-A202-F8AB89DA9667}.NetStandard1.6|x64.Build.0 = Release|Any CPU
		{9F71FEEF-BB3C-4BCC-A202-F8AB89DA9667}.NetStandard1.6|x86.ActiveCfg = Release|Any CPU
		{9F71FEEF-BB3C-4BCC-A202-F8AB89DA9667}.NetStandard1.6|x86.Build.0 = Release|Any CPU
		{9F71FEEF-BB3C-4BCC-A202-F8AB89DA9667}.Release|Any CPU.ActiveCfg = Release|Any CPU
		{9F71FEEF-BB3C-4BCC-A202-F8AB89DA9667}.Release|Any CPU.Build.0 = Release|Any CPU
		{9F71FEEF-BB3C-4BCC-A202-F8AB89DA9667}.Release|ARM.ActiveCfg = Release|Any CPU
		{9F71FEEF-BB3C-4BCC-A202-F8AB89DA9667}.Release|ARM.Build.0 = Release|Any CPU
		{9F71FEEF-BB3C-4BCC-A202-F8AB89DA9667}.Release|x64.ActiveCfg = Release|Any CPU
		{9F71FEEF-BB3C-4BCC-A202-F8AB89DA9667}.Release|x64.Build.0 = Release|Any CPU
		{9F71FEEF-BB3C-4BCC-A202-F8AB89DA9667}.Release|x86.ActiveCfg = Release|Any CPU
		{9F71FEEF-BB3C-4BCC-A202-F8AB89DA9667}.Release|x86.Build.0 = Release|Any CPU
		{72506748-DDEF-41B0-BB01-35675FEEE0F3}.Debug|Any CPU.ActiveCfg = Debug|Any CPU
		{72506748-DDEF-41B0-BB01-35675FEEE0F3}.Debug|Any CPU.Build.0 = Debug|Any CPU
		{72506748-DDEF-41B0-BB01-35675FEEE0F3}.Debug|ARM.ActiveCfg = Debug|Any CPU
		{72506748-DDEF-41B0-BB01-35675FEEE0F3}.Debug|ARM.Build.0 = Debug|Any CPU
		{72506748-DDEF-41B0-BB01-35675FEEE0F3}.Debug|x64.ActiveCfg = Debug|Any CPU
		{72506748-DDEF-41B0-BB01-35675FEEE0F3}.Debug|x64.Build.0 = Debug|Any CPU
		{72506748-DDEF-41B0-BB01-35675FEEE0F3}.Debug|x86.ActiveCfg = Debug|Any CPU
		{72506748-DDEF-41B0-BB01-35675FEEE0F3}.Debug|x86.Build.0 = Debug|Any CPU
		{72506748-DDEF-41B0-BB01-35675FEEE0F3}.NetStandard1.6|Any CPU.ActiveCfg = Release|Any CPU
		{72506748-DDEF-41B0-BB01-35675FEEE0F3}.NetStandard1.6|Any CPU.Build.0 = Release|Any CPU
		{72506748-DDEF-41B0-BB01-35675FEEE0F3}.NetStandard1.6|ARM.ActiveCfg = Release|Any CPU
		{72506748-DDEF-41B0-BB01-35675FEEE0F3}.NetStandard1.6|ARM.Build.0 = Release|Any CPU
		{72506748-DDEF-41B0-BB01-35675FEEE0F3}.NetStandard1.6|x64.ActiveCfg = Release|Any CPU
		{72506748-DDEF-41B0-BB01-35675FEEE0F3}.NetStandard1.6|x64.Build.0 = Release|Any CPU
		{72506748-DDEF-41B0-BB01-35675FEEE0F3}.NetStandard1.6|x86.ActiveCfg = Release|Any CPU
		{72506748-DDEF-41B0-BB01-35675FEEE0F3}.NetStandard1.6|x86.Build.0 = Release|Any CPU
		{72506748-DDEF-41B0-BB01-35675FEEE0F3}.Release|Any CPU.ActiveCfg = Release|Any CPU
		{72506748-DDEF-41B0-BB01-35675FEEE0F3}.Release|Any CPU.Build.0 = Release|Any CPU
		{72506748-DDEF-41B0-BB01-35675FEEE0F3}.Release|ARM.ActiveCfg = Release|Any CPU
		{72506748-DDEF-41B0-BB01-35675FEEE0F3}.Release|ARM.Build.0 = Release|Any CPU
		{72506748-DDEF-41B0-BB01-35675FEEE0F3}.Release|x64.ActiveCfg = Release|Any CPU
		{72506748-DDEF-41B0-BB01-35675FEEE0F3}.Release|x64.Build.0 = Release|Any CPU
		{72506748-DDEF-41B0-BB01-35675FEEE0F3}.Release|x86.ActiveCfg = Release|Any CPU
		{72506748-DDEF-41B0-BB01-35675FEEE0F3}.Release|x86.Build.0 = Release|Any CPU
		{EE1C21A9-4F15-4484-983E-D10E52D34F08}.Debug|Any CPU.ActiveCfg = Debug|Any CPU
		{EE1C21A9-4F15-4484-983E-D10E52D34F08}.Debug|Any CPU.Build.0 = Debug|Any CPU
		{EE1C21A9-4F15-4484-983E-D10E52D34F08}.Debug|ARM.ActiveCfg = Debug|Any CPU
		{EE1C21A9-4F15-4484-983E-D10E52D34F08}.Debug|ARM.Build.0 = Debug|Any CPU
		{EE1C21A9-4F15-4484-983E-D10E52D34F08}.Debug|x64.ActiveCfg = Debug|Any CPU
		{EE1C21A9-4F15-4484-983E-D10E52D34F08}.Debug|x64.Build.0 = Debug|Any CPU
		{EE1C21A9-4F15-4484-983E-D10E52D34F08}.Debug|x86.ActiveCfg = Debug|Any CPU
		{EE1C21A9-4F15-4484-983E-D10E52D34F08}.Debug|x86.Build.0 = Debug|Any CPU
		{EE1C21A9-4F15-4484-983E-D10E52D34F08}.NetStandard1.6|Any CPU.ActiveCfg = Release|Any CPU
		{EE1C21A9-4F15-4484-983E-D10E52D34F08}.NetStandard1.6|Any CPU.Build.0 = Release|Any CPU
		{EE1C21A9-4F15-4484-983E-D10E52D34F08}.NetStandard1.6|ARM.ActiveCfg = Release|Any CPU
		{EE1C21A9-4F15-4484-983E-D10E52D34F08}.NetStandard1.6|ARM.Build.0 = Release|Any CPU
		{EE1C21A9-4F15-4484-983E-D10E52D34F08}.NetStandard1.6|x64.ActiveCfg = Release|Any CPU
		{EE1C21A9-4F15-4484-983E-D10E52D34F08}.NetStandard1.6|x64.Build.0 = Release|Any CPU
		{EE1C21A9-4F15-4484-983E-D10E52D34F08}.NetStandard1.6|x86.ActiveCfg = Release|Any CPU
		{EE1C21A9-4F15-4484-983E-D10E52D34F08}.NetStandard1.6|x86.Build.0 = Release|Any CPU
		{EE1C21A9-4F15-4484-983E-D10E52D34F08}.Release|Any CPU.ActiveCfg = Release|Any CPU
		{EE1C21A9-4F15-4484-983E-D10E52D34F08}.Release|Any CPU.Build.0 = Release|Any CPU
		{EE1C21A9-4F15-4484-983E-D10E52D34F08}.Release|ARM.ActiveCfg = Release|Any CPU
		{EE1C21A9-4F15-4484-983E-D10E52D34F08}.Release|ARM.Build.0 = Release|Any CPU
		{EE1C21A9-4F15-4484-983E-D10E52D34F08}.Release|x64.ActiveCfg = Release|Any CPU
		{EE1C21A9-4F15-4484-983E-D10E52D34F08}.Release|x64.Build.0 = Release|Any CPU
		{EE1C21A9-4F15-4484-983E-D10E52D34F08}.Release|x86.ActiveCfg = Release|Any CPU
		{EE1C21A9-4F15-4484-983E-D10E52D34F08}.Release|x86.Build.0 = Release|Any CPU
		{67AA7FC5-DFF4-4BE1-8965-AE3729A95F12}.Debug|Any CPU.ActiveCfg = Debug|Any CPU
		{67AA7FC5-DFF4-4BE1-8965-AE3729A95F12}.Debug|Any CPU.Build.0 = Debug|Any CPU
		{67AA7FC5-DFF4-4BE1-8965-AE3729A95F12}.Debug|ARM.ActiveCfg = Debug|Any CPU
		{67AA7FC5-DFF4-4BE1-8965-AE3729A95F12}.Debug|ARM.Build.0 = Debug|Any CPU
		{67AA7FC5-DFF4-4BE1-8965-AE3729A95F12}.Debug|x64.ActiveCfg = Debug|Any CPU
		{67AA7FC5-DFF4-4BE1-8965-AE3729A95F12}.Debug|x64.Build.0 = Debug|Any CPU
		{67AA7FC5-DFF4-4BE1-8965-AE3729A95F12}.Debug|x86.ActiveCfg = Debug|Any CPU
		{67AA7FC5-DFF4-4BE1-8965-AE3729A95F12}.Debug|x86.Build.0 = Debug|Any CPU
		{67AA7FC5-DFF4-4BE1-8965-AE3729A95F12}.NetStandard1.6|Any CPU.ActiveCfg = Release|Any CPU
		{67AA7FC5-DFF4-4BE1-8965-AE3729A95F12}.NetStandard1.6|Any CPU.Build.0 = Release|Any CPU
		{67AA7FC5-DFF4-4BE1-8965-AE3729A95F12}.NetStandard1.6|ARM.ActiveCfg = Release|Any CPU
		{67AA7FC5-DFF4-4BE1-8965-AE3729A95F12}.NetStandard1.6|ARM.Build.0 = Release|Any CPU
		{67AA7FC5-DFF4-4BE1-8965-AE3729A95F12}.NetStandard1.6|x64.ActiveCfg = Release|Any CPU
		{67AA7FC5-DFF4-4BE1-8965-AE3729A95F12}.NetStandard1.6|x64.Build.0 = Release|Any CPU
		{67AA7FC5-DFF4-4BE1-8965-AE3729A95F12}.NetStandard1.6|x86.ActiveCfg = Release|Any CPU
		{67AA7FC5-DFF4-4BE1-8965-AE3729A95F12}.NetStandard1.6|x86.Build.0 = Release|Any CPU
		{67AA7FC5-DFF4-4BE1-8965-AE3729A95F12}.Release|Any CPU.ActiveCfg = Release|Any CPU
		{67AA7FC5-DFF4-4BE1-8965-AE3729A95F12}.Release|Any CPU.Build.0 = Release|Any CPU
		{67AA7FC5-DFF4-4BE1-8965-AE3729A95F12}.Release|ARM.ActiveCfg = Release|Any CPU
		{67AA7FC5-DFF4-4BE1-8965-AE3729A95F12}.Release|ARM.Build.0 = Release|Any CPU
		{67AA7FC5-DFF4-4BE1-8965-AE3729A95F12}.Release|x64.ActiveCfg = Release|Any CPU
		{67AA7FC5-DFF4-4BE1-8965-AE3729A95F12}.Release|x64.Build.0 = Release|Any CPU
		{67AA7FC5-DFF4-4BE1-8965-AE3729A95F12}.Release|x86.ActiveCfg = Release|Any CPU
		{67AA7FC5-DFF4-4BE1-8965-AE3729A95F12}.Release|x86.Build.0 = Release|Any CPU
		{8416C426-CC25-43CD-AD58-1673B565573F}.Debug|Any CPU.ActiveCfg = Debug|Any CPU
		{8416C426-CC25-43CD-AD58-1673B565573F}.Debug|Any CPU.Build.0 = Debug|Any CPU
		{8416C426-CC25-43CD-AD58-1673B565573F}.Debug|ARM.ActiveCfg = Debug|Any CPU
		{8416C426-CC25-43CD-AD58-1673B565573F}.Debug|ARM.Build.0 = Debug|Any CPU
		{8416C426-CC25-43CD-AD58-1673B565573F}.Debug|x64.ActiveCfg = Debug|Any CPU
		{8416C426-CC25-43CD-AD58-1673B565573F}.Debug|x64.Build.0 = Debug|Any CPU
		{8416C426-CC25-43CD-AD58-1673B565573F}.Debug|x86.ActiveCfg = Debug|Any CPU
		{8416C426-CC25-43CD-AD58-1673B565573F}.Debug|x86.Build.0 = Debug|Any CPU
		{8416C426-CC25-43CD-AD58-1673B565573F}.NetStandard1.6|Any CPU.ActiveCfg = Release|Any CPU
		{8416C426-CC25-43CD-AD58-1673B565573F}.NetStandard1.6|Any CPU.Build.0 = Release|Any CPU
		{8416C426-CC25-43CD-AD58-1673B565573F}.NetStandard1.6|ARM.ActiveCfg = Release|Any CPU
		{8416C426-CC25-43CD-AD58-1673B565573F}.NetStandard1.6|ARM.Build.0 = Release|Any CPU
		{8416C426-CC25-43CD-AD58-1673B565573F}.NetStandard1.6|x64.ActiveCfg = Release|Any CPU
		{8416C426-CC25-43CD-AD58-1673B565573F}.NetStandard1.6|x64.Build.0 = Release|Any CPU
		{8416C426-CC25-43CD-AD58-1673B565573F}.NetStandard1.6|x86.ActiveCfg = Release|Any CPU
		{8416C426-CC25-43CD-AD58-1673B565573F}.NetStandard1.6|x86.Build.0 = Release|Any CPU
		{8416C426-CC25-43CD-AD58-1673B565573F}.Release|Any CPU.ActiveCfg = Release|Any CPU
		{8416C426-CC25-43CD-AD58-1673B565573F}.Release|Any CPU.Build.0 = Release|Any CPU
		{8416C426-CC25-43CD-AD58-1673B565573F}.Release|ARM.ActiveCfg = Release|Any CPU
		{8416C426-CC25-43CD-AD58-1673B565573F}.Release|ARM.Build.0 = Release|Any CPU
		{8416C426-CC25-43CD-AD58-1673B565573F}.Release|x64.ActiveCfg = Release|Any CPU
		{8416C426-CC25-43CD-AD58-1673B565573F}.Release|x64.Build.0 = Release|Any CPU
		{8416C426-CC25-43CD-AD58-1673B565573F}.Release|x86.ActiveCfg = Release|Any CPU
		{8416C426-CC25-43CD-AD58-1673B565573F}.Release|x86.Build.0 = Release|Any CPU
		{8F356233-590D-4723-8988-4CB49FB219E6}.Debug|Any CPU.ActiveCfg = Debug|Any CPU
		{8F356233-590D-4723-8988-4CB49FB219E6}.Debug|Any CPU.Build.0 = Debug|Any CPU
		{8F356233-590D-4723-8988-4CB49FB219E6}.Debug|ARM.ActiveCfg = Debug|Any CPU
		{8F356233-590D-4723-8988-4CB49FB219E6}.Debug|ARM.Build.0 = Debug|Any CPU
		{8F356233-590D-4723-8988-4CB49FB219E6}.Debug|x64.ActiveCfg = Debug|Any CPU
		{8F356233-590D-4723-8988-4CB49FB219E6}.Debug|x64.Build.0 = Debug|Any CPU
		{8F356233-590D-4723-8988-4CB49FB219E6}.Debug|x86.ActiveCfg = Debug|Any CPU
		{8F356233-590D-4723-8988-4CB49FB219E6}.Debug|x86.Build.0 = Debug|Any CPU
		{8F356233-590D-4723-8988-4CB49FB219E6}.NetStandard1.6|Any CPU.ActiveCfg = Release|Any CPU
		{8F356233-590D-4723-8988-4CB49FB219E6}.NetStandard1.6|Any CPU.Build.0 = Release|Any CPU
		{8F356233-590D-4723-8988-4CB49FB219E6}.NetStandard1.6|ARM.ActiveCfg = Release|Any CPU
		{8F356233-590D-4723-8988-4CB49FB219E6}.NetStandard1.6|ARM.Build.0 = Release|Any CPU
		{8F356233-590D-4723-8988-4CB49FB219E6}.NetStandard1.6|x64.ActiveCfg = Release|Any CPU
		{8F356233-590D-4723-8988-4CB49FB219E6}.NetStandard1.6|x64.Build.0 = Release|Any CPU
		{8F356233-590D-4723-8988-4CB49FB219E6}.NetStandard1.6|x86.ActiveCfg = Release|Any CPU
		{8F356233-590D-4723-8988-4CB49FB219E6}.NetStandard1.6|x86.Build.0 = Release|Any CPU
		{8F356233-590D-4723-8988-4CB49FB219E6}.Release|Any CPU.ActiveCfg = Release|Any CPU
		{8F356233-590D-4723-8988-4CB49FB219E6}.Release|Any CPU.Build.0 = Release|Any CPU
		{8F356233-590D-4723-8988-4CB49FB219E6}.Release|ARM.ActiveCfg = Release|Any CPU
		{8F356233-590D-4723-8988-4CB49FB219E6}.Release|ARM.Build.0 = Release|Any CPU
		{8F356233-590D-4723-8988-4CB49FB219E6}.Release|x64.ActiveCfg = Release|Any CPU
		{8F356233-590D-4723-8988-4CB49FB219E6}.Release|x64.Build.0 = Release|Any CPU
		{8F356233-590D-4723-8988-4CB49FB219E6}.Release|x86.ActiveCfg = Release|Any CPU
		{8F356233-590D-4723-8988-4CB49FB219E6}.Release|x86.Build.0 = Release|Any CPU
		{BCA0DCBB-C784-4E05-BAF2-AC9947D7F32D}.Debug|Any CPU.ActiveCfg = Debug|Any CPU
		{BCA0DCBB-C784-4E05-BAF2-AC9947D7F32D}.Debug|Any CPU.Build.0 = Debug|Any CPU
		{BCA0DCBB-C784-4E05-BAF2-AC9947D7F32D}.Debug|ARM.ActiveCfg = Debug|Any CPU
		{BCA0DCBB-C784-4E05-BAF2-AC9947D7F32D}.Debug|ARM.Build.0 = Debug|Any CPU
		{BCA0DCBB-C784-4E05-BAF2-AC9947D7F32D}.Debug|x64.ActiveCfg = Debug|Any CPU
		{BCA0DCBB-C784-4E05-BAF2-AC9947D7F32D}.Debug|x64.Build.0 = Debug|Any CPU
		{BCA0DCBB-C784-4E05-BAF2-AC9947D7F32D}.Debug|x86.ActiveCfg = Debug|Any CPU
		{BCA0DCBB-C784-4E05-BAF2-AC9947D7F32D}.Debug|x86.Build.0 = Debug|Any CPU
		{BCA0DCBB-C784-4E05-BAF2-AC9947D7F32D}.NetStandard1.6|Any CPU.ActiveCfg = Release|Any CPU
		{BCA0DCBB-C784-4E05-BAF2-AC9947D7F32D}.NetStandard1.6|Any CPU.Build.0 = Release|Any CPU
		{BCA0DCBB-C784-4E05-BAF2-AC9947D7F32D}.NetStandard1.6|ARM.ActiveCfg = Release|Any CPU
		{BCA0DCBB-C784-4E05-BAF2-AC9947D7F32D}.NetStandard1.6|ARM.Build.0 = Release|Any CPU
		{BCA0DCBB-C784-4E05-BAF2-AC9947D7F32D}.NetStandard1.6|x64.ActiveCfg = Release|Any CPU
		{BCA0DCBB-C784-4E05-BAF2-AC9947D7F32D}.NetStandard1.6|x64.Build.0 = Release|Any CPU
		{BCA0DCBB-C784-4E05-BAF2-AC9947D7F32D}.NetStandard1.6|x86.ActiveCfg = Release|Any CPU
		{BCA0DCBB-C784-4E05-BAF2-AC9947D7F32D}.NetStandard1.6|x86.Build.0 = Release|Any CPU
		{BCA0DCBB-C784-4E05-BAF2-AC9947D7F32D}.Release|Any CPU.ActiveCfg = Release|Any CPU
		{BCA0DCBB-C784-4E05-BAF2-AC9947D7F32D}.Release|Any CPU.Build.0 = Release|Any CPU
		{BCA0DCBB-C784-4E05-BAF2-AC9947D7F32D}.Release|ARM.ActiveCfg = Release|Any CPU
		{BCA0DCBB-C784-4E05-BAF2-AC9947D7F32D}.Release|ARM.Build.0 = Release|Any CPU
		{BCA0DCBB-C784-4E05-BAF2-AC9947D7F32D}.Release|x64.ActiveCfg = Release|Any CPU
		{BCA0DCBB-C784-4E05-BAF2-AC9947D7F32D}.Release|x64.Build.0 = Release|Any CPU
		{BCA0DCBB-C784-4E05-BAF2-AC9947D7F32D}.Release|x86.ActiveCfg = Release|Any CPU
		{BCA0DCBB-C784-4E05-BAF2-AC9947D7F32D}.Release|x86.Build.0 = Release|Any CPU
		{5BF707CB-1244-454B-BE89-FE4E2492045B}.Debug|Any CPU.ActiveCfg = Debug|Any CPU
		{5BF707CB-1244-454B-BE89-FE4E2492045B}.Debug|Any CPU.Build.0 = Debug|Any CPU
		{5BF707CB-1244-454B-BE89-FE4E2492045B}.Debug|ARM.ActiveCfg = Debug|Any CPU
		{5BF707CB-1244-454B-BE89-FE4E2492045B}.Debug|ARM.Build.0 = Debug|Any CPU
		{5BF707CB-1244-454B-BE89-FE4E2492045B}.Debug|x64.ActiveCfg = Debug|Any CPU
		{5BF707CB-1244-454B-BE89-FE4E2492045B}.Debug|x64.Build.0 = Debug|Any CPU
		{5BF707CB-1244-454B-BE89-FE4E2492045B}.Debug|x86.ActiveCfg = Debug|Any CPU
		{5BF707CB-1244-454B-BE89-FE4E2492045B}.Debug|x86.Build.0 = Debug|Any CPU
		{5BF707CB-1244-454B-BE89-FE4E2492045B}.NetStandard1.6|Any CPU.ActiveCfg = Release|Any CPU
		{5BF707CB-1244-454B-BE89-FE4E2492045B}.NetStandard1.6|Any CPU.Build.0 = Release|Any CPU
		{5BF707CB-1244-454B-BE89-FE4E2492045B}.NetStandard1.6|ARM.ActiveCfg = Release|Any CPU
		{5BF707CB-1244-454B-BE89-FE4E2492045B}.NetStandard1.6|ARM.Build.0 = Release|Any CPU
		{5BF707CB-1244-454B-BE89-FE4E2492045B}.NetStandard1.6|x64.ActiveCfg = Release|Any CPU
		{5BF707CB-1244-454B-BE89-FE4E2492045B}.NetStandard1.6|x64.Build.0 = Release|Any CPU
		{5BF707CB-1244-454B-BE89-FE4E2492045B}.NetStandard1.6|x86.ActiveCfg = Release|Any CPU
		{5BF707CB-1244-454B-BE89-FE4E2492045B}.NetStandard1.6|x86.Build.0 = Release|Any CPU
		{5BF707CB-1244-454B-BE89-FE4E2492045B}.Release|Any CPU.ActiveCfg = Release|Any CPU
		{5BF707CB-1244-454B-BE89-FE4E2492045B}.Release|Any CPU.Build.0 = Release|Any CPU
		{5BF707CB-1244-454B-BE89-FE4E2492045B}.Release|ARM.ActiveCfg = Release|Any CPU
		{5BF707CB-1244-454B-BE89-FE4E2492045B}.Release|ARM.Build.0 = Release|Any CPU
		{5BF707CB-1244-454B-BE89-FE4E2492045B}.Release|x64.ActiveCfg = Release|Any CPU
		{5BF707CB-1244-454B-BE89-FE4E2492045B}.Release|x64.Build.0 = Release|Any CPU
		{5BF707CB-1244-454B-BE89-FE4E2492045B}.Release|x86.ActiveCfg = Release|Any CPU
		{5BF707CB-1244-454B-BE89-FE4E2492045B}.Release|x86.Build.0 = Release|Any CPU
		{E2527118-F454-4C8E-AB19-316C03828460}.Debug|Any CPU.ActiveCfg = Debug|Any CPU
		{E2527118-F454-4C8E-AB19-316C03828460}.Debug|Any CPU.Build.0 = Debug|Any CPU
		{E2527118-F454-4C8E-AB19-316C03828460}.Debug|ARM.ActiveCfg = Debug|Any CPU
		{E2527118-F454-4C8E-AB19-316C03828460}.Debug|ARM.Build.0 = Debug|Any CPU
		{E2527118-F454-4C8E-AB19-316C03828460}.Debug|x64.ActiveCfg = Debug|Any CPU
		{E2527118-F454-4C8E-AB19-316C03828460}.Debug|x64.Build.0 = Debug|Any CPU
		{E2527118-F454-4C8E-AB19-316C03828460}.Debug|x86.ActiveCfg = Debug|Any CPU
		{E2527118-F454-4C8E-AB19-316C03828460}.Debug|x86.Build.0 = Debug|Any CPU
		{E2527118-F454-4C8E-AB19-316C03828460}.NetStandard1.6|Any CPU.ActiveCfg = Release|Any CPU
		{E2527118-F454-4C8E-AB19-316C03828460}.NetStandard1.6|Any CPU.Build.0 = Release|Any CPU
		{E2527118-F454-4C8E-AB19-316C03828460}.NetStandard1.6|ARM.ActiveCfg = Release|Any CPU
		{E2527118-F454-4C8E-AB19-316C03828460}.NetStandard1.6|ARM.Build.0 = Release|Any CPU
		{E2527118-F454-4C8E-AB19-316C03828460}.NetStandard1.6|x64.ActiveCfg = Release|Any CPU
		{E2527118-F454-4C8E-AB19-316C03828460}.NetStandard1.6|x64.Build.0 = Release|Any CPU
		{E2527118-F454-4C8E-AB19-316C03828460}.NetStandard1.6|x86.ActiveCfg = Release|Any CPU
		{E2527118-F454-4C8E-AB19-316C03828460}.NetStandard1.6|x86.Build.0 = Release|Any CPU
		{E2527118-F454-4C8E-AB19-316C03828460}.Release|Any CPU.ActiveCfg = Release|Any CPU
		{E2527118-F454-4C8E-AB19-316C03828460}.Release|Any CPU.Build.0 = Release|Any CPU
		{E2527118-F454-4C8E-AB19-316C03828460}.Release|ARM.ActiveCfg = Release|Any CPU
		{E2527118-F454-4C8E-AB19-316C03828460}.Release|ARM.Build.0 = Release|Any CPU
		{E2527118-F454-4C8E-AB19-316C03828460}.Release|x64.ActiveCfg = Release|Any CPU
		{E2527118-F454-4C8E-AB19-316C03828460}.Release|x64.Build.0 = Release|Any CPU
		{E2527118-F454-4C8E-AB19-316C03828460}.Release|x86.ActiveCfg = Release|Any CPU
		{E2527118-F454-4C8E-AB19-316C03828460}.Release|x86.Build.0 = Release|Any CPU
		{FE844F51-F596-4A8C-80D4-137ADE91EC14}.Debug|Any CPU.ActiveCfg = Debug|Any CPU
		{FE844F51-F596-4A8C-80D4-137ADE91EC14}.Debug|Any CPU.Build.0 = Debug|Any CPU
		{FE844F51-F596-4A8C-80D4-137ADE91EC14}.Debug|ARM.ActiveCfg = Debug|Any CPU
		{FE844F51-F596-4A8C-80D4-137ADE91EC14}.Debug|ARM.Build.0 = Debug|Any CPU
		{FE844F51-F596-4A8C-80D4-137ADE91EC14}.Debug|x64.ActiveCfg = Debug|Any CPU
		{FE844F51-F596-4A8C-80D4-137ADE91EC14}.Debug|x64.Build.0 = Debug|Any CPU
		{FE844F51-F596-4A8C-80D4-137ADE91EC14}.Debug|x86.ActiveCfg = Debug|Any CPU
		{FE844F51-F596-4A8C-80D4-137ADE91EC14}.Debug|x86.Build.0 = Debug|Any CPU
		{FE844F51-F596-4A8C-80D4-137ADE91EC14}.NetStandard1.6|Any CPU.ActiveCfg = Release|Any CPU
		{FE844F51-F596-4A8C-80D4-137ADE91EC14}.NetStandard1.6|Any CPU.Build.0 = Release|Any CPU
		{FE844F51-F596-4A8C-80D4-137ADE91EC14}.NetStandard1.6|ARM.ActiveCfg = Release|Any CPU
		{FE844F51-F596-4A8C-80D4-137ADE91EC14}.NetStandard1.6|ARM.Build.0 = Release|Any CPU
		{FE844F51-F596-4A8C-80D4-137ADE91EC14}.NetStandard1.6|x64.ActiveCfg = Release|Any CPU
		{FE844F51-F596-4A8C-80D4-137ADE91EC14}.NetStandard1.6|x64.Build.0 = Release|Any CPU
		{FE844F51-F596-4A8C-80D4-137ADE91EC14}.NetStandard1.6|x86.ActiveCfg = Release|Any CPU
		{FE844F51-F596-4A8C-80D4-137ADE91EC14}.NetStandard1.6|x86.Build.0 = Release|Any CPU
		{FE844F51-F596-4A8C-80D4-137ADE91EC14}.Release|Any CPU.ActiveCfg = Release|Any CPU
		{FE844F51-F596-4A8C-80D4-137ADE91EC14}.Release|Any CPU.Build.0 = Release|Any CPU
		{FE844F51-F596-4A8C-80D4-137ADE91EC14}.Release|ARM.ActiveCfg = Release|Any CPU
		{FE844F51-F596-4A8C-80D4-137ADE91EC14}.Release|ARM.Build.0 = Release|Any CPU
		{FE844F51-F596-4A8C-80D4-137ADE91EC14}.Release|x64.ActiveCfg = Release|Any CPU
		{FE844F51-F596-4A8C-80D4-137ADE91EC14}.Release|x64.Build.0 = Release|Any CPU
		{FE844F51-F596-4A8C-80D4-137ADE91EC14}.Release|x86.ActiveCfg = Release|Any CPU
		{FE844F51-F596-4A8C-80D4-137ADE91EC14}.Release|x86.Build.0 = Release|Any CPU
		{CD58F6F3-5CCF-4537-97C7-93C3D329FDDF}.Debug|Any CPU.ActiveCfg = Debug|Any CPU
		{CD58F6F3-5CCF-4537-97C7-93C3D329FDDF}.Debug|Any CPU.Build.0 = Debug|Any CPU
		{CD58F6F3-5CCF-4537-97C7-93C3D329FDDF}.Debug|ARM.ActiveCfg = Debug|Any CPU
		{CD58F6F3-5CCF-4537-97C7-93C3D329FDDF}.Debug|ARM.Build.0 = Debug|Any CPU
		{CD58F6F3-5CCF-4537-97C7-93C3D329FDDF}.Debug|x64.ActiveCfg = Debug|Any CPU
		{CD58F6F3-5CCF-4537-97C7-93C3D329FDDF}.Debug|x64.Build.0 = Debug|Any CPU
		{CD58F6F3-5CCF-4537-97C7-93C3D329FDDF}.Debug|x86.ActiveCfg = Debug|Any CPU
		{CD58F6F3-5CCF-4537-97C7-93C3D329FDDF}.Debug|x86.Build.0 = Debug|Any CPU
		{CD58F6F3-5CCF-4537-97C7-93C3D329FDDF}.NetStandard1.6|Any CPU.ActiveCfg = Release|Any CPU
		{CD58F6F3-5CCF-4537-97C7-93C3D329FDDF}.NetStandard1.6|Any CPU.Build.0 = Release|Any CPU
		{CD58F6F3-5CCF-4537-97C7-93C3D329FDDF}.NetStandard1.6|ARM.ActiveCfg = Release|Any CPU
		{CD58F6F3-5CCF-4537-97C7-93C3D329FDDF}.NetStandard1.6|ARM.Build.0 = Release|Any CPU
		{CD58F6F3-5CCF-4537-97C7-93C3D329FDDF}.NetStandard1.6|x64.ActiveCfg = Release|Any CPU
		{CD58F6F3-5CCF-4537-97C7-93C3D329FDDF}.NetStandard1.6|x64.Build.0 = Release|Any CPU
		{CD58F6F3-5CCF-4537-97C7-93C3D329FDDF}.NetStandard1.6|x86.ActiveCfg = Release|Any CPU
		{CD58F6F3-5CCF-4537-97C7-93C3D329FDDF}.NetStandard1.6|x86.Build.0 = Release|Any CPU
		{CD58F6F3-5CCF-4537-97C7-93C3D329FDDF}.Release|Any CPU.ActiveCfg = Release|Any CPU
		{CD58F6F3-5CCF-4537-97C7-93C3D329FDDF}.Release|Any CPU.Build.0 = Release|Any CPU
		{CD58F6F3-5CCF-4537-97C7-93C3D329FDDF}.Release|ARM.ActiveCfg = Release|Any CPU
		{CD58F6F3-5CCF-4537-97C7-93C3D329FDDF}.Release|ARM.Build.0 = Release|Any CPU
		{CD58F6F3-5CCF-4537-97C7-93C3D329FDDF}.Release|x64.ActiveCfg = Release|Any CPU
		{CD58F6F3-5CCF-4537-97C7-93C3D329FDDF}.Release|x64.Build.0 = Release|Any CPU
		{CD58F6F3-5CCF-4537-97C7-93C3D329FDDF}.Release|x86.ActiveCfg = Release|Any CPU
		{CD58F6F3-5CCF-4537-97C7-93C3D329FDDF}.Release|x86.Build.0 = Release|Any CPU
		{000964CC-749C-43F1-A766-0751AF8B3F8F}.Debug|Any CPU.ActiveCfg = Debug|Any CPU
		{000964CC-749C-43F1-A766-0751AF8B3F8F}.Debug|Any CPU.Build.0 = Debug|Any CPU
		{000964CC-749C-43F1-A766-0751AF8B3F8F}.Debug|ARM.ActiveCfg = Debug|Any CPU
		{000964CC-749C-43F1-A766-0751AF8B3F8F}.Debug|ARM.Build.0 = Debug|Any CPU
		{000964CC-749C-43F1-A766-0751AF8B3F8F}.Debug|x64.ActiveCfg = Debug|Any CPU
		{000964CC-749C-43F1-A766-0751AF8B3F8F}.Debug|x64.Build.0 = Debug|Any CPU
		{000964CC-749C-43F1-A766-0751AF8B3F8F}.Debug|x86.ActiveCfg = Debug|Any CPU
		{000964CC-749C-43F1-A766-0751AF8B3F8F}.Debug|x86.Build.0 = Debug|Any CPU
		{000964CC-749C-43F1-A766-0751AF8B3F8F}.NetStandard1.6|Any CPU.ActiveCfg = Release|Any CPU
		{000964CC-749C-43F1-A766-0751AF8B3F8F}.NetStandard1.6|Any CPU.Build.0 = Release|Any CPU
		{000964CC-749C-43F1-A766-0751AF8B3F8F}.NetStandard1.6|ARM.ActiveCfg = Release|Any CPU
		{000964CC-749C-43F1-A766-0751AF8B3F8F}.NetStandard1.6|ARM.Build.0 = Release|Any CPU
		{000964CC-749C-43F1-A766-0751AF8B3F8F}.NetStandard1.6|x64.ActiveCfg = Release|Any CPU
		{000964CC-749C-43F1-A766-0751AF8B3F8F}.NetStandard1.6|x64.Build.0 = Release|Any CPU
		{000964CC-749C-43F1-A766-0751AF8B3F8F}.NetStandard1.6|x86.ActiveCfg = Release|Any CPU
		{000964CC-749C-43F1-A766-0751AF8B3F8F}.NetStandard1.6|x86.Build.0 = Release|Any CPU
		{000964CC-749C-43F1-A766-0751AF8B3F8F}.Release|Any CPU.ActiveCfg = Release|Any CPU
		{000964CC-749C-43F1-A766-0751AF8B3F8F}.Release|Any CPU.Build.0 = Release|Any CPU
		{000964CC-749C-43F1-A766-0751AF8B3F8F}.Release|ARM.ActiveCfg = Release|Any CPU
		{000964CC-749C-43F1-A766-0751AF8B3F8F}.Release|ARM.Build.0 = Release|Any CPU
		{000964CC-749C-43F1-A766-0751AF8B3F8F}.Release|x64.ActiveCfg = Release|Any CPU
		{000964CC-749C-43F1-A766-0751AF8B3F8F}.Release|x64.Build.0 = Release|Any CPU
		{000964CC-749C-43F1-A766-0751AF8B3F8F}.Release|x86.ActiveCfg = Release|Any CPU
		{000964CC-749C-43F1-A766-0751AF8B3F8F}.Release|x86.Build.0 = Release|Any CPU
		{B5DA2F36-AAA0-495A-98C1-A82C68DD653B}.Debug|Any CPU.ActiveCfg = Debug|x86
		{B5DA2F36-AAA0-495A-98C1-A82C68DD653B}.Debug|ARM.ActiveCfg = Debug|ARM
		{B5DA2F36-AAA0-495A-98C1-A82C68DD653B}.Debug|ARM.Build.0 = Debug|ARM
		{B5DA2F36-AAA0-495A-98C1-A82C68DD653B}.Debug|ARM.Deploy.0 = Debug|ARM
		{B5DA2F36-AAA0-495A-98C1-A82C68DD653B}.Debug|x64.ActiveCfg = Debug|x64
		{B5DA2F36-AAA0-495A-98C1-A82C68DD653B}.Debug|x64.Build.0 = Debug|x64
		{B5DA2F36-AAA0-495A-98C1-A82C68DD653B}.Debug|x64.Deploy.0 = Debug|x64
		{B5DA2F36-AAA0-495A-98C1-A82C68DD653B}.Debug|x86.ActiveCfg = Debug|x86
		{B5DA2F36-AAA0-495A-98C1-A82C68DD653B}.Debug|x86.Build.0 = Debug|x86
		{B5DA2F36-AAA0-495A-98C1-A82C68DD653B}.Debug|x86.Deploy.0 = Debug|x86
		{B5DA2F36-AAA0-495A-98C1-A82C68DD653B}.NetStandard1.6|Any CPU.ActiveCfg = Release|x86
		{B5DA2F36-AAA0-495A-98C1-A82C68DD653B}.NetStandard1.6|ARM.ActiveCfg = Release|ARM
		{B5DA2F36-AAA0-495A-98C1-A82C68DD653B}.NetStandard1.6|ARM.Build.0 = Release|ARM
		{B5DA2F36-AAA0-495A-98C1-A82C68DD653B}.NetStandard1.6|ARM.Deploy.0 = Release|ARM
		{B5DA2F36-AAA0-495A-98C1-A82C68DD653B}.NetStandard1.6|x64.ActiveCfg = Release|x64
		{B5DA2F36-AAA0-495A-98C1-A82C68DD653B}.NetStandard1.6|x64.Build.0 = Release|x64
		{B5DA2F36-AAA0-495A-98C1-A82C68DD653B}.NetStandard1.6|x64.Deploy.0 = Release|x64
		{B5DA2F36-AAA0-495A-98C1-A82C68DD653B}.NetStandard1.6|x86.ActiveCfg = Release|x86
		{B5DA2F36-AAA0-495A-98C1-A82C68DD653B}.NetStandard1.6|x86.Build.0 = Release|x86
		{B5DA2F36-AAA0-495A-98C1-A82C68DD653B}.NetStandard1.6|x86.Deploy.0 = Release|x86
		{B5DA2F36-AAA0-495A-98C1-A82C68DD653B}.Release|Any CPU.ActiveCfg = Release|x86
		{B5DA2F36-AAA0-495A-98C1-A82C68DD653B}.Release|ARM.ActiveCfg = Release|ARM
		{B5DA2F36-AAA0-495A-98C1-A82C68DD653B}.Release|ARM.Build.0 = Release|ARM
		{B5DA2F36-AAA0-495A-98C1-A82C68DD653B}.Release|ARM.Deploy.0 = Release|ARM
		{B5DA2F36-AAA0-495A-98C1-A82C68DD653B}.Release|x64.ActiveCfg = Release|x64
		{B5DA2F36-AAA0-495A-98C1-A82C68DD653B}.Release|x64.Build.0 = Release|x64
		{B5DA2F36-AAA0-495A-98C1-A82C68DD653B}.Release|x64.Deploy.0 = Release|x64
		{B5DA2F36-AAA0-495A-98C1-A82C68DD653B}.Release|x86.ActiveCfg = Release|x86
		{B5DA2F36-AAA0-495A-98C1-A82C68DD653B}.Release|x86.Build.0 = Release|x86
		{B5DA2F36-AAA0-495A-98C1-A82C68DD653B}.Release|x86.Deploy.0 = Release|x86
		{AC63F23A-7453-4D00-996C-7A60840D3990}.Debug|Any CPU.ActiveCfg = Debug|x86
		{AC63F23A-7453-4D00-996C-7A60840D3990}.Debug|ARM.ActiveCfg = Debug|ARM
		{AC63F23A-7453-4D00-996C-7A60840D3990}.Debug|ARM.Build.0 = Debug|ARM
		{AC63F23A-7453-4D00-996C-7A60840D3990}.Debug|ARM.Deploy.0 = Debug|ARM
		{AC63F23A-7453-4D00-996C-7A60840D3990}.Debug|x64.ActiveCfg = Debug|x64
		{AC63F23A-7453-4D00-996C-7A60840D3990}.Debug|x64.Build.0 = Debug|x64
		{AC63F23A-7453-4D00-996C-7A60840D3990}.Debug|x64.Deploy.0 = Debug|x64
		{AC63F23A-7453-4D00-996C-7A60840D3990}.Debug|x86.ActiveCfg = Debug|x86
		{AC63F23A-7453-4D00-996C-7A60840D3990}.Debug|x86.Build.0 = Debug|x86
		{AC63F23A-7453-4D00-996C-7A60840D3990}.Debug|x86.Deploy.0 = Debug|x86
		{AC63F23A-7453-4D00-996C-7A60840D3990}.NetStandard1.6|Any CPU.ActiveCfg = Release|x86
		{AC63F23A-7453-4D00-996C-7A60840D3990}.NetStandard1.6|ARM.ActiveCfg = Release|ARM
		{AC63F23A-7453-4D00-996C-7A60840D3990}.NetStandard1.6|ARM.Build.0 = Release|ARM
		{AC63F23A-7453-4D00-996C-7A60840D3990}.NetStandard1.6|ARM.Deploy.0 = Release|ARM
		{AC63F23A-7453-4D00-996C-7A60840D3990}.NetStandard1.6|x64.ActiveCfg = Release|x64
		{AC63F23A-7453-4D00-996C-7A60840D3990}.NetStandard1.6|x64.Build.0 = Release|x64
		{AC63F23A-7453-4D00-996C-7A60840D3990}.NetStandard1.6|x64.Deploy.0 = Release|x64
		{AC63F23A-7453-4D00-996C-7A60840D3990}.NetStandard1.6|x86.ActiveCfg = Release|x86
		{AC63F23A-7453-4D00-996C-7A60840D3990}.NetStandard1.6|x86.Build.0 = Release|x86
		{AC63F23A-7453-4D00-996C-7A60840D3990}.NetStandard1.6|x86.Deploy.0 = Release|x86
		{AC63F23A-7453-4D00-996C-7A60840D3990}.Release|Any CPU.ActiveCfg = Release|x86
		{AC63F23A-7453-4D00-996C-7A60840D3990}.Release|ARM.ActiveCfg = Release|ARM
		{AC63F23A-7453-4D00-996C-7A60840D3990}.Release|ARM.Build.0 = Release|ARM
		{AC63F23A-7453-4D00-996C-7A60840D3990}.Release|ARM.Deploy.0 = Release|ARM
		{AC63F23A-7453-4D00-996C-7A60840D3990}.Release|x64.ActiveCfg = Release|x64
		{AC63F23A-7453-4D00-996C-7A60840D3990}.Release|x64.Build.0 = Release|x64
		{AC63F23A-7453-4D00-996C-7A60840D3990}.Release|x64.Deploy.0 = Release|x64
		{AC63F23A-7453-4D00-996C-7A60840D3990}.Release|x86.ActiveCfg = Release|x86
		{AC63F23A-7453-4D00-996C-7A60840D3990}.Release|x86.Build.0 = Release|x86
		{AC63F23A-7453-4D00-996C-7A60840D3990}.Release|x86.Deploy.0 = Release|x86
		{414E8AF0-6611-4FEB-B5AB-1004CBC004A9}.Debug|Any CPU.ActiveCfg = Debug|Any CPU
		{414E8AF0-6611-4FEB-B5AB-1004CBC004A9}.Debug|Any CPU.Build.0 = Debug|Any CPU
		{414E8AF0-6611-4FEB-B5AB-1004CBC004A9}.Debug|ARM.ActiveCfg = Debug|Any CPU
		{414E8AF0-6611-4FEB-B5AB-1004CBC004A9}.Debug|ARM.Build.0 = Debug|Any CPU
		{414E8AF0-6611-4FEB-B5AB-1004CBC004A9}.Debug|x64.ActiveCfg = Debug|Any CPU
		{414E8AF0-6611-4FEB-B5AB-1004CBC004A9}.Debug|x64.Build.0 = Debug|Any CPU
		{414E8AF0-6611-4FEB-B5AB-1004CBC004A9}.Debug|x86.ActiveCfg = Debug|Any CPU
		{414E8AF0-6611-4FEB-B5AB-1004CBC004A9}.Debug|x86.Build.0 = Debug|Any CPU
		{414E8AF0-6611-4FEB-B5AB-1004CBC004A9}.NetStandard1.6|Any CPU.ActiveCfg = Release|Any CPU
		{414E8AF0-6611-4FEB-B5AB-1004CBC004A9}.NetStandard1.6|Any CPU.Build.0 = Release|Any CPU
		{414E8AF0-6611-4FEB-B5AB-1004CBC004A9}.NetStandard1.6|ARM.ActiveCfg = Release|Any CPU
		{414E8AF0-6611-4FEB-B5AB-1004CBC004A9}.NetStandard1.6|ARM.Build.0 = Release|Any CPU
		{414E8AF0-6611-4FEB-B5AB-1004CBC004A9}.NetStandard1.6|x64.ActiveCfg = Release|Any CPU
		{414E8AF0-6611-4FEB-B5AB-1004CBC004A9}.NetStandard1.6|x64.Build.0 = Release|Any CPU
		{414E8AF0-6611-4FEB-B5AB-1004CBC004A9}.NetStandard1.6|x86.ActiveCfg = Release|Any CPU
		{414E8AF0-6611-4FEB-B5AB-1004CBC004A9}.NetStandard1.6|x86.Build.0 = Release|Any CPU
		{414E8AF0-6611-4FEB-B5AB-1004CBC004A9}.Release|Any CPU.ActiveCfg = Release|Any CPU
		{414E8AF0-6611-4FEB-B5AB-1004CBC004A9}.Release|Any CPU.Build.0 = Release|Any CPU
		{414E8AF0-6611-4FEB-B5AB-1004CBC004A9}.Release|ARM.ActiveCfg = Release|Any CPU
		{414E8AF0-6611-4FEB-B5AB-1004CBC004A9}.Release|ARM.Build.0 = Release|Any CPU
		{414E8AF0-6611-4FEB-B5AB-1004CBC004A9}.Release|x64.ActiveCfg = Release|Any CPU
		{414E8AF0-6611-4FEB-B5AB-1004CBC004A9}.Release|x64.Build.0 = Release|Any CPU
		{414E8AF0-6611-4FEB-B5AB-1004CBC004A9}.Release|x86.ActiveCfg = Release|Any CPU
		{414E8AF0-6611-4FEB-B5AB-1004CBC004A9}.Release|x86.Build.0 = Release|Any CPU
		{16EA2AF0-A14D-4E73-92BA-2709C9015E45}.Debug|Any CPU.ActiveCfg = Debug|Any CPU
		{16EA2AF0-A14D-4E73-92BA-2709C9015E45}.Debug|Any CPU.Build.0 = Debug|Any CPU
		{16EA2AF0-A14D-4E73-92BA-2709C9015E45}.Debug|ARM.ActiveCfg = Debug|Any CPU
		{16EA2AF0-A14D-4E73-92BA-2709C9015E45}.Debug|ARM.Build.0 = Debug|Any CPU
		{16EA2AF0-A14D-4E73-92BA-2709C9015E45}.Debug|x64.ActiveCfg = Debug|Any CPU
		{16EA2AF0-A14D-4E73-92BA-2709C9015E45}.Debug|x64.Build.0 = Debug|Any CPU
		{16EA2AF0-A14D-4E73-92BA-2709C9015E45}.Debug|x86.ActiveCfg = Debug|Any CPU
		{16EA2AF0-A14D-4E73-92BA-2709C9015E45}.Debug|x86.Build.0 = Debug|Any CPU
		{16EA2AF0-A14D-4E73-92BA-2709C9015E45}.NetStandard1.6|Any CPU.ActiveCfg = Release|Any CPU
		{16EA2AF0-A14D-4E73-92BA-2709C9015E45}.NetStandard1.6|Any CPU.Build.0 = Release|Any CPU
		{16EA2AF0-A14D-4E73-92BA-2709C9015E45}.NetStandard1.6|ARM.ActiveCfg = Release|Any CPU
		{16EA2AF0-A14D-4E73-92BA-2709C9015E45}.NetStandard1.6|ARM.Build.0 = Release|Any CPU
		{16EA2AF0-A14D-4E73-92BA-2709C9015E45}.NetStandard1.6|x64.ActiveCfg = Release|Any CPU
		{16EA2AF0-A14D-4E73-92BA-2709C9015E45}.NetStandard1.6|x64.Build.0 = Release|Any CPU
		{16EA2AF0-A14D-4E73-92BA-2709C9015E45}.NetStandard1.6|x86.ActiveCfg = Release|Any CPU
		{16EA2AF0-A14D-4E73-92BA-2709C9015E45}.NetStandard1.6|x86.Build.0 = Release|Any CPU
		{16EA2AF0-A14D-4E73-92BA-2709C9015E45}.Release|Any CPU.ActiveCfg = Release|Any CPU
		{16EA2AF0-A14D-4E73-92BA-2709C9015E45}.Release|Any CPU.Build.0 = Release|Any CPU
		{16EA2AF0-A14D-4E73-92BA-2709C9015E45}.Release|ARM.ActiveCfg = Release|Any CPU
		{16EA2AF0-A14D-4E73-92BA-2709C9015E45}.Release|ARM.Build.0 = Release|Any CPU
		{16EA2AF0-A14D-4E73-92BA-2709C9015E45}.Release|x64.ActiveCfg = Release|Any CPU
		{16EA2AF0-A14D-4E73-92BA-2709C9015E45}.Release|x64.Build.0 = Release|Any CPU
		{16EA2AF0-A14D-4E73-92BA-2709C9015E45}.Release|x86.ActiveCfg = Release|Any CPU
		{16EA2AF0-A14D-4E73-92BA-2709C9015E45}.Release|x86.Build.0 = Release|Any CPU
		{02C34A58-60B5-44C6-B3C8-20EC46C7FCE3}.Debug|Any CPU.ActiveCfg = Debug|Any CPU
		{02C34A58-60B5-44C6-B3C8-20EC46C7FCE3}.Debug|Any CPU.Build.0 = Debug|Any CPU
		{02C34A58-60B5-44C6-B3C8-20EC46C7FCE3}.Debug|ARM.ActiveCfg = Debug|Any CPU
		{02C34A58-60B5-44C6-B3C8-20EC46C7FCE3}.Debug|ARM.Build.0 = Debug|Any CPU
		{02C34A58-60B5-44C6-B3C8-20EC46C7FCE3}.Debug|x64.ActiveCfg = Debug|Any CPU
		{02C34A58-60B5-44C6-B3C8-20EC46C7FCE3}.Debug|x64.Build.0 = Debug|Any CPU
		{02C34A58-60B5-44C6-B3C8-20EC46C7FCE3}.Debug|x86.ActiveCfg = Debug|Any CPU
		{02C34A58-60B5-44C6-B3C8-20EC46C7FCE3}.Debug|x86.Build.0 = Debug|Any CPU
		{02C34A58-60B5-44C6-B3C8-20EC46C7FCE3}.NetStandard1.6|Any CPU.ActiveCfg = Release|Any CPU
		{02C34A58-60B5-44C6-B3C8-20EC46C7FCE3}.NetStandard1.6|Any CPU.Build.0 = Release|Any CPU
		{02C34A58-60B5-44C6-B3C8-20EC46C7FCE3}.NetStandard1.6|ARM.ActiveCfg = Release|Any CPU
		{02C34A58-60B5-44C6-B3C8-20EC46C7FCE3}.NetStandard1.6|ARM.Build.0 = Release|Any CPU
		{02C34A58-60B5-44C6-B3C8-20EC46C7FCE3}.NetStandard1.6|x64.ActiveCfg = Release|Any CPU
		{02C34A58-60B5-44C6-B3C8-20EC46C7FCE3}.NetStandard1.6|x64.Build.0 = Release|Any CPU
		{02C34A58-60B5-44C6-B3C8-20EC46C7FCE3}.NetStandard1.6|x86.ActiveCfg = Release|Any CPU
		{02C34A58-60B5-44C6-B3C8-20EC46C7FCE3}.NetStandard1.6|x86.Build.0 = Release|Any CPU
		{02C34A58-60B5-44C6-B3C8-20EC46C7FCE3}.Release|Any CPU.ActiveCfg = Release|Any CPU
		{02C34A58-60B5-44C6-B3C8-20EC46C7FCE3}.Release|Any CPU.Build.0 = Release|Any CPU
		{02C34A58-60B5-44C6-B3C8-20EC46C7FCE3}.Release|ARM.ActiveCfg = Release|Any CPU
		{02C34A58-60B5-44C6-B3C8-20EC46C7FCE3}.Release|ARM.Build.0 = Release|Any CPU
		{02C34A58-60B5-44C6-B3C8-20EC46C7FCE3}.Release|x64.ActiveCfg = Release|Any CPU
		{02C34A58-60B5-44C6-B3C8-20EC46C7FCE3}.Release|x64.Build.0 = Release|Any CPU
		{02C34A58-60B5-44C6-B3C8-20EC46C7FCE3}.Release|x86.ActiveCfg = Release|Any CPU
		{02C34A58-60B5-44C6-B3C8-20EC46C7FCE3}.Release|x86.Build.0 = Release|Any CPU
		{BBBEC180-B087-441C-B651-BFE382149C3B}.Debug|Any CPU.ActiveCfg = Debug|Any CPU
		{BBBEC180-B087-441C-B651-BFE382149C3B}.Debug|Any CPU.Build.0 = Debug|Any CPU
		{BBBEC180-B087-441C-B651-BFE382149C3B}.Debug|ARM.ActiveCfg = Debug|Any CPU
		{BBBEC180-B087-441C-B651-BFE382149C3B}.Debug|ARM.Build.0 = Debug|Any CPU
		{BBBEC180-B087-441C-B651-BFE382149C3B}.Debug|x64.ActiveCfg = Debug|Any CPU
		{BBBEC180-B087-441C-B651-BFE382149C3B}.Debug|x64.Build.0 = Debug|Any CPU
		{BBBEC180-B087-441C-B651-BFE382149C3B}.Debug|x86.ActiveCfg = Debug|Any CPU
		{BBBEC180-B087-441C-B651-BFE382149C3B}.Debug|x86.Build.0 = Debug|Any CPU
		{BBBEC180-B087-441C-B651-BFE382149C3B}.NetStandard1.6|Any CPU.ActiveCfg = Release|Any CPU
		{BBBEC180-B087-441C-B651-BFE382149C3B}.NetStandard1.6|Any CPU.Build.0 = Release|Any CPU
		{BBBEC180-B087-441C-B651-BFE382149C3B}.NetStandard1.6|ARM.ActiveCfg = Release|Any CPU
		{BBBEC180-B087-441C-B651-BFE382149C3B}.NetStandard1.6|ARM.Build.0 = Release|Any CPU
		{BBBEC180-B087-441C-B651-BFE382149C3B}.NetStandard1.6|x64.ActiveCfg = Release|Any CPU
		{BBBEC180-B087-441C-B651-BFE382149C3B}.NetStandard1.6|x64.Build.0 = Release|Any CPU
		{BBBEC180-B087-441C-B651-BFE382149C3B}.NetStandard1.6|x86.ActiveCfg = Release|Any CPU
		{BBBEC180-B087-441C-B651-BFE382149C3B}.NetStandard1.6|x86.Build.0 = Release|Any CPU
		{BBBEC180-B087-441C-B651-BFE382149C3B}.Release|Any CPU.ActiveCfg = Release|Any CPU
		{BBBEC180-B087-441C-B651-BFE382149C3B}.Release|Any CPU.Build.0 = Release|Any CPU
		{BBBEC180-B087-441C-B651-BFE382149C3B}.Release|ARM.ActiveCfg = Release|Any CPU
		{BBBEC180-B087-441C-B651-BFE382149C3B}.Release|ARM.Build.0 = Release|Any CPU
		{BBBEC180-B087-441C-B651-BFE382149C3B}.Release|x64.ActiveCfg = Release|Any CPU
		{BBBEC180-B087-441C-B651-BFE382149C3B}.Release|x64.Build.0 = Release|Any CPU
		{BBBEC180-B087-441C-B651-BFE382149C3B}.Release|x86.ActiveCfg = Release|Any CPU
		{BBBEC180-B087-441C-B651-BFE382149C3B}.Release|x86.Build.0 = Release|Any CPU
		{CBFE161C-53D3-4857-8CED-428807837428}.Debug|Any CPU.ActiveCfg = Debug|Any CPU
		{CBFE161C-53D3-4857-8CED-428807837428}.Debug|Any CPU.Build.0 = Debug|Any CPU
		{CBFE161C-53D3-4857-8CED-428807837428}.Debug|ARM.ActiveCfg = Debug|Any CPU
		{CBFE161C-53D3-4857-8CED-428807837428}.Debug|ARM.Build.0 = Debug|Any CPU
		{CBFE161C-53D3-4857-8CED-428807837428}.Debug|x64.ActiveCfg = Debug|Any CPU
		{CBFE161C-53D3-4857-8CED-428807837428}.Debug|x64.Build.0 = Debug|Any CPU
		{CBFE161C-53D3-4857-8CED-428807837428}.Debug|x86.ActiveCfg = Debug|Any CPU
		{CBFE161C-53D3-4857-8CED-428807837428}.Debug|x86.Build.0 = Debug|Any CPU
		{CBFE161C-53D3-4857-8CED-428807837428}.NetStandard1.6|Any CPU.ActiveCfg = Release|Any CPU
		{CBFE161C-53D3-4857-8CED-428807837428}.NetStandard1.6|Any CPU.Build.0 = Release|Any CPU
		{CBFE161C-53D3-4857-8CED-428807837428}.NetStandard1.6|ARM.ActiveCfg = Release|Any CPU
		{CBFE161C-53D3-4857-8CED-428807837428}.NetStandard1.6|ARM.Build.0 = Release|Any CPU
		{CBFE161C-53D3-4857-8CED-428807837428}.NetStandard1.6|x64.ActiveCfg = Release|Any CPU
		{CBFE161C-53D3-4857-8CED-428807837428}.NetStandard1.6|x64.Build.0 = Release|Any CPU
		{CBFE161C-53D3-4857-8CED-428807837428}.NetStandard1.6|x86.ActiveCfg = Release|Any CPU
		{CBFE161C-53D3-4857-8CED-428807837428}.NetStandard1.6|x86.Build.0 = Release|Any CPU
		{CBFE161C-53D3-4857-8CED-428807837428}.Release|Any CPU.ActiveCfg = Release|Any CPU
		{CBFE161C-53D3-4857-8CED-428807837428}.Release|Any CPU.Build.0 = Release|Any CPU
		{CBFE161C-53D3-4857-8CED-428807837428}.Release|ARM.ActiveCfg = Release|Any CPU
		{CBFE161C-53D3-4857-8CED-428807837428}.Release|ARM.Build.0 = Release|Any CPU
		{CBFE161C-53D3-4857-8CED-428807837428}.Release|x64.ActiveCfg = Release|Any CPU
		{CBFE161C-53D3-4857-8CED-428807837428}.Release|x64.Build.0 = Release|Any CPU
		{CBFE161C-53D3-4857-8CED-428807837428}.Release|x86.ActiveCfg = Release|Any CPU
		{CBFE161C-53D3-4857-8CED-428807837428}.Release|x86.Build.0 = Release|Any CPU
		{2CDD5E6E-22ED-4BA9-A6A4-3FE77EF087BE}.Debug|Any CPU.ActiveCfg = Debug|x86
		{2CDD5E6E-22ED-4BA9-A6A4-3FE77EF087BE}.Debug|ARM.ActiveCfg = Debug|ARM
		{2CDD5E6E-22ED-4BA9-A6A4-3FE77EF087BE}.Debug|ARM.Build.0 = Debug|ARM
		{2CDD5E6E-22ED-4BA9-A6A4-3FE77EF087BE}.Debug|ARM.Deploy.0 = Debug|ARM
		{2CDD5E6E-22ED-4BA9-A6A4-3FE77EF087BE}.Debug|x64.ActiveCfg = Debug|x64
		{2CDD5E6E-22ED-4BA9-A6A4-3FE77EF087BE}.Debug|x64.Build.0 = Debug|x64
		{2CDD5E6E-22ED-4BA9-A6A4-3FE77EF087BE}.Debug|x64.Deploy.0 = Debug|x64
		{2CDD5E6E-22ED-4BA9-A6A4-3FE77EF087BE}.Debug|x86.ActiveCfg = Debug|x86
		{2CDD5E6E-22ED-4BA9-A6A4-3FE77EF087BE}.Debug|x86.Build.0 = Debug|x86
		{2CDD5E6E-22ED-4BA9-A6A4-3FE77EF087BE}.Debug|x86.Deploy.0 = Debug|x86
		{2CDD5E6E-22ED-4BA9-A6A4-3FE77EF087BE}.NetStandard1.6|Any CPU.ActiveCfg = Release|x86
		{2CDD5E6E-22ED-4BA9-A6A4-3FE77EF087BE}.NetStandard1.6|ARM.ActiveCfg = Release|ARM
		{2CDD5E6E-22ED-4BA9-A6A4-3FE77EF087BE}.NetStandard1.6|ARM.Build.0 = Release|ARM
		{2CDD5E6E-22ED-4BA9-A6A4-3FE77EF087BE}.NetStandard1.6|ARM.Deploy.0 = Release|ARM
		{2CDD5E6E-22ED-4BA9-A6A4-3FE77EF087BE}.NetStandard1.6|x64.ActiveCfg = Release|x64
		{2CDD5E6E-22ED-4BA9-A6A4-3FE77EF087BE}.NetStandard1.6|x64.Build.0 = Release|x64
		{2CDD5E6E-22ED-4BA9-A6A4-3FE77EF087BE}.NetStandard1.6|x64.Deploy.0 = Release|x64
		{2CDD5E6E-22ED-4BA9-A6A4-3FE77EF087BE}.NetStandard1.6|x86.ActiveCfg = Release|x86
		{2CDD5E6E-22ED-4BA9-A6A4-3FE77EF087BE}.NetStandard1.6|x86.Build.0 = Release|x86
		{2CDD5E6E-22ED-4BA9-A6A4-3FE77EF087BE}.NetStandard1.6|x86.Deploy.0 = Release|x86
		{2CDD5E6E-22ED-4BA9-A6A4-3FE77EF087BE}.Release|Any CPU.ActiveCfg = Release|x86
		{2CDD5E6E-22ED-4BA9-A6A4-3FE77EF087BE}.Release|ARM.ActiveCfg = Release|ARM
		{2CDD5E6E-22ED-4BA9-A6A4-3FE77EF087BE}.Release|ARM.Build.0 = Release|ARM
		{2CDD5E6E-22ED-4BA9-A6A4-3FE77EF087BE}.Release|ARM.Deploy.0 = Release|ARM
		{2CDD5E6E-22ED-4BA9-A6A4-3FE77EF087BE}.Release|x64.ActiveCfg = Release|x64
		{2CDD5E6E-22ED-4BA9-A6A4-3FE77EF087BE}.Release|x64.Build.0 = Release|x64
		{2CDD5E6E-22ED-4BA9-A6A4-3FE77EF087BE}.Release|x64.Deploy.0 = Release|x64
		{2CDD5E6E-22ED-4BA9-A6A4-3FE77EF087BE}.Release|x86.ActiveCfg = Release|x86
		{2CDD5E6E-22ED-4BA9-A6A4-3FE77EF087BE}.Release|x86.Build.0 = Release|x86
		{2CDD5E6E-22ED-4BA9-A6A4-3FE77EF087BE}.Release|x86.Deploy.0 = Release|x86
		{5A062120-7347-4088-BA44-9C7AF0040639}.Debug|Any CPU.ActiveCfg = Debug|Any CPU
		{5A062120-7347-4088-BA44-9C7AF0040639}.Debug|Any CPU.Build.0 = Debug|Any CPU
		{5A062120-7347-4088-BA44-9C7AF0040639}.Debug|ARM.ActiveCfg = Debug|Any CPU
		{5A062120-7347-4088-BA44-9C7AF0040639}.Debug|ARM.Build.0 = Debug|Any CPU
		{5A062120-7347-4088-BA44-9C7AF0040639}.Debug|x64.ActiveCfg = Debug|Any CPU
		{5A062120-7347-4088-BA44-9C7AF0040639}.Debug|x64.Build.0 = Debug|Any CPU
		{5A062120-7347-4088-BA44-9C7AF0040639}.Debug|x86.ActiveCfg = Debug|Any CPU
		{5A062120-7347-4088-BA44-9C7AF0040639}.Debug|x86.Build.0 = Debug|Any CPU
		{5A062120-7347-4088-BA44-9C7AF0040639}.NetStandard1.6|Any CPU.ActiveCfg = Release|Any CPU
		{5A062120-7347-4088-BA44-9C7AF0040639}.NetStandard1.6|Any CPU.Build.0 = Release|Any CPU
		{5A062120-7347-4088-BA44-9C7AF0040639}.NetStandard1.6|ARM.ActiveCfg = Release|Any CPU
		{5A062120-7347-4088-BA44-9C7AF0040639}.NetStandard1.6|ARM.Build.0 = Release|Any CPU
		{5A062120-7347-4088-BA44-9C7AF0040639}.NetStandard1.6|x64.ActiveCfg = Release|Any CPU
		{5A062120-7347-4088-BA44-9C7AF0040639}.NetStandard1.6|x64.Build.0 = Release|Any CPU
		{5A062120-7347-4088-BA44-9C7AF0040639}.NetStandard1.6|x86.ActiveCfg = Release|Any CPU
		{5A062120-7347-4088-BA44-9C7AF0040639}.NetStandard1.6|x86.Build.0 = Release|Any CPU
		{5A062120-7347-4088-BA44-9C7AF0040639}.Release|Any CPU.ActiveCfg = Release|Any CPU
		{5A062120-7347-4088-BA44-9C7AF0040639}.Release|Any CPU.Build.0 = Release|Any CPU
		{5A062120-7347-4088-BA44-9C7AF0040639}.Release|ARM.ActiveCfg = Release|Any CPU
		{5A062120-7347-4088-BA44-9C7AF0040639}.Release|ARM.Build.0 = Release|Any CPU
		{5A062120-7347-4088-BA44-9C7AF0040639}.Release|x64.ActiveCfg = Release|Any CPU
		{5A062120-7347-4088-BA44-9C7AF0040639}.Release|x64.Build.0 = Release|Any CPU
		{5A062120-7347-4088-BA44-9C7AF0040639}.Release|x86.ActiveCfg = Release|Any CPU
		{5A062120-7347-4088-BA44-9C7AF0040639}.Release|x86.Build.0 = Release|Any CPU
		{FDD71926-0C4C-4BA1-AB8A-95EE137A5EE6}.Debug|Any CPU.ActiveCfg = Debug|Any CPU
		{FDD71926-0C4C-4BA1-AB8A-95EE137A5EE6}.Debug|Any CPU.Build.0 = Debug|Any CPU
		{FDD71926-0C4C-4BA1-AB8A-95EE137A5EE6}.Debug|ARM.ActiveCfg = Debug|Any CPU
		{FDD71926-0C4C-4BA1-AB8A-95EE137A5EE6}.Debug|ARM.Build.0 = Debug|Any CPU
		{FDD71926-0C4C-4BA1-AB8A-95EE137A5EE6}.Debug|x64.ActiveCfg = Debug|Any CPU
		{FDD71926-0C4C-4BA1-AB8A-95EE137A5EE6}.Debug|x64.Build.0 = Debug|Any CPU
		{FDD71926-0C4C-4BA1-AB8A-95EE137A5EE6}.Debug|x86.ActiveCfg = Debug|Any CPU
		{FDD71926-0C4C-4BA1-AB8A-95EE137A5EE6}.Debug|x86.Build.0 = Debug|Any CPU
		{FDD71926-0C4C-4BA1-AB8A-95EE137A5EE6}.NetStandard1.6|Any CPU.ActiveCfg = Debug|Any CPU
		{FDD71926-0C4C-4BA1-AB8A-95EE137A5EE6}.NetStandard1.6|Any CPU.Build.0 = Debug|Any CPU
		{FDD71926-0C4C-4BA1-AB8A-95EE137A5EE6}.NetStandard1.6|ARM.ActiveCfg = Debug|Any CPU
		{FDD71926-0C4C-4BA1-AB8A-95EE137A5EE6}.NetStandard1.6|ARM.Build.0 = Debug|Any CPU
		{FDD71926-0C4C-4BA1-AB8A-95EE137A5EE6}.NetStandard1.6|x64.ActiveCfg = Debug|Any CPU
		{FDD71926-0C4C-4BA1-AB8A-95EE137A5EE6}.NetStandard1.6|x64.Build.0 = Debug|Any CPU
		{FDD71926-0C4C-4BA1-AB8A-95EE137A5EE6}.NetStandard1.6|x86.ActiveCfg = Debug|Any CPU
		{FDD71926-0C4C-4BA1-AB8A-95EE137A5EE6}.NetStandard1.6|x86.Build.0 = Debug|Any CPU
		{FDD71926-0C4C-4BA1-AB8A-95EE137A5EE6}.Release|Any CPU.ActiveCfg = Release|Any CPU
		{FDD71926-0C4C-4BA1-AB8A-95EE137A5EE6}.Release|Any CPU.Build.0 = Release|Any CPU
		{FDD71926-0C4C-4BA1-AB8A-95EE137A5EE6}.Release|ARM.ActiveCfg = Release|Any CPU
		{FDD71926-0C4C-4BA1-AB8A-95EE137A5EE6}.Release|ARM.Build.0 = Release|Any CPU
		{FDD71926-0C4C-4BA1-AB8A-95EE137A5EE6}.Release|x64.ActiveCfg = Release|Any CPU
		{FDD71926-0C4C-4BA1-AB8A-95EE137A5EE6}.Release|x64.Build.0 = Release|Any CPU
		{FDD71926-0C4C-4BA1-AB8A-95EE137A5EE6}.Release|x86.ActiveCfg = Release|Any CPU
		{FDD71926-0C4C-4BA1-AB8A-95EE137A5EE6}.Release|x86.Build.0 = Release|Any CPU
	EndGlobalSection
	GlobalSection(SolutionProperties) = preSolution
		HideSolutionNode = FALSE
	EndGlobalSection
	GlobalSection(NestedProjects) = preSolution
		{943C53CF-8B99-4D08-B2DB-C42BB2639FFC} = {AC08B381-CDBA-4607-86AC-0228785F1EE5}
		{26E276E4-F5E1-4378-9134-F66D810192E4} = {AC08B381-CDBA-4607-86AC-0228785F1EE5}
		{53691581-30A0-4C38-AC57-89A7E2B61AA2} = {AC08B381-CDBA-4607-86AC-0228785F1EE5}
		{29960579-1698-40C7-95F5-9B16A09AD42D} = {AC08B381-CDBA-4607-86AC-0228785F1EE5}
		{E31AFD6F-A728-4DB8-B3C3-B95D25AF1110} = {AC08B381-CDBA-4607-86AC-0228785F1EE5}
		{B3EF434E-533D-4683-8611-52AD2FE26925} = {AC565078-9545-4E3F-B62F-A2A1C54EA321}
		{FEF39151-F006-4559-A7B0-1F72F850B4F8} = {05BAC8C2-A6CF-46C8-9167-A0F3816EC535}
		{135BAD27-9AE8-4715-B153-253F11B0F98E} = {05BAC8C2-A6CF-46C8-9167-A0F3816EC535}
		{47DD7892-B951-4C64-9CEE-EB6E3D0FA5F6} = {AC565078-9545-4E3F-B62F-A2A1C54EA321}
		{58FD73FA-AE2F-4E42-B919-75763EEF2341} = {47DD7892-B951-4C64-9CEE-EB6E3D0FA5F6}
		{C9CF19C3-32D1-4314-9236-4C08D4EECA61} = {AC565078-9545-4E3F-B62F-A2A1C54EA321}
		{0F84CE2C-2272-46EE-B000-4BF050E132EC} = {C9CF19C3-32D1-4314-9236-4C08D4EECA61}
		{443BFE8B-C9BD-4CEF-B87C-3612432CE96C} = {C9CF19C3-32D1-4314-9236-4C08D4EECA61}
		{05BAC8C2-A6CF-46C8-9167-A0F3816EC535} = {B3EF434E-533D-4683-8611-52AD2FE26925}
		{48CC4A36-468E-4BB6-9730-C062CFB56CF8} = {AC08B381-CDBA-4607-86AC-0228785F1EE5}
		{5B3AB341-994D-4A40-96F0-58116A3F5450} = {81D58E37-9C78-4F6A-9B58-254877491682}
		{69CF117C-03F9-466C-A004-71988DD94CED} = {81D58E37-9C78-4F6A-9B58-254877491682}
		{7FD6814D-8B5A-448F-9900-400C69D6AD31} = {B3EF434E-533D-4683-8611-52AD2FE26925}
		{9F71FEEF-BB3C-4BCC-A202-F8AB89DA9667} = {B3EF434E-533D-4683-8611-52AD2FE26925}
		{72506748-DDEF-41B0-BB01-35675FEEE0F3} = {05BAC8C2-A6CF-46C8-9167-A0F3816EC535}
		{EE1C21A9-4F15-4484-983E-D10E52D34F08} = {05BAC8C2-A6CF-46C8-9167-A0F3816EC535}
		{67AA7FC5-DFF4-4BE1-8965-AE3729A95F12} = {B3EF434E-533D-4683-8611-52AD2FE26925}
		{8416C426-CC25-43CD-AD58-1673B565573F} = {AC08B381-CDBA-4607-86AC-0228785F1EE5}
		{8F356233-590D-4723-8988-4CB49FB219E6} = {B3EF434E-533D-4683-8611-52AD2FE26925}
		{BCA0DCBB-C784-4E05-BAF2-AC9947D7F32D} = {B3EF434E-533D-4683-8611-52AD2FE26925}
		{5BF707CB-1244-454B-BE89-FE4E2492045B} = {B3EF434E-533D-4683-8611-52AD2FE26925}
		{E2527118-F454-4C8E-AB19-316C03828460} = {B3EF434E-533D-4683-8611-52AD2FE26925}
		{FE844F51-F596-4A8C-80D4-137ADE91EC14} = {B3EF434E-533D-4683-8611-52AD2FE26925}
		{CD58F6F3-5CCF-4537-97C7-93C3D329FDDF} = {B3EF434E-533D-4683-8611-52AD2FE26925}
		{000964CC-749C-43F1-A766-0751AF8B3F8F} = {B3EF434E-533D-4683-8611-52AD2FE26925}
		{B5DA2F36-AAA0-495A-98C1-A82C68DD653B} = {5B3AB341-994D-4A40-96F0-58116A3F5450}
		{AC63F23A-7453-4D00-996C-7A60840D3990} = {443BFE8B-C9BD-4CEF-B87C-3612432CE96C}
		{414E8AF0-6611-4FEB-B5AB-1004CBC004A9} = {BC356420-8401-4194-A9D6-054A3C447869}
		{16EA2AF0-A14D-4E73-92BA-2709C9015E45} = {BC356420-8401-4194-A9D6-054A3C447869}
		{02C34A58-60B5-44C6-B3C8-20EC46C7FCE3} = {BC356420-8401-4194-A9D6-054A3C447869}
		{BBBEC180-B087-441C-B651-BFE382149C3B} = {BC356420-8401-4194-A9D6-054A3C447869}
		{CBFE161C-53D3-4857-8CED-428807837428} = {BC356420-8401-4194-A9D6-054A3C447869}
		{2CDD5E6E-22ED-4BA9-A6A4-3FE77EF087BE} = {5B3AB341-994D-4A40-96F0-58116A3F5450}
		{5A062120-7347-4088-BA44-9C7AF0040639} = {05BAC8C2-A6CF-46C8-9167-A0F3816EC535}
		{FDD71926-0C4C-4BA1-AB8A-95EE137A5EE6} = {69CF117C-03F9-466C-A004-71988DD94CED}
	EndGlobalSection
	GlobalSection(ExtensibilityGlobals) = postSolution
		EnterpriseLibraryConfigurationToolBinariesPathV6 = packages\EnterpriseLibrary.TransientFaultHandling.6.0.1304.0\lib\portable-net45+win+wp8
	EndGlobalSection
	GlobalSection(TeamFoundationVersionControl) = preSolution
		SccNumberOfProjects = 34
		SccEnterpriseProvider = {4CA58AB2-18FA-4F8D-95D4-32DDF27D184C}
		SccTeamFoundationServer = https://lavspent.visualstudio.com/
		SccLocalPath0 = .
		SccProjectUniqueName1 = Samples\\Net45\\FirmataServiceClientSocketTest\\FirmataServiceClientSocketTest.csproj
		SccProjectTopLevelParentUniqueName1 = Lavspent.DaisyChain.sln
		SccProjectName1 = Samples/Net45/FirmataServiceClientSocketTest
		SccLocalPath1 = Samples\\Net45\\FirmataServiceClientSocketTest
		SccProjectUniqueName2 = Samples\\Net45\\FirmataServiceServerSocketTest\\FirmataServiceServerSocketTest.csproj
		SccProjectTopLevelParentUniqueName2 = Lavspent.DaisyChain.sln
		SccProjectName2 = Samples/Net45/FirmataServiceServerSocketTest
		SccLocalPath2 = Samples\\Net45\\FirmataServiceServerSocketTest
		SccProjectUniqueName3 = Samples\\Android\\XamarinAndriodTest\\XamarinAndriodTest.csproj
		SccProjectTopLevelParentUniqueName3 = Lavspent.DaisyChain.sln
		SccProjectName3 = Samples/Android/XamarinAndriodTest
		SccLocalPath3 = Samples\\Android\\XamarinAndriodTest
		SccProjectUniqueName4 = Samples\\Universal\\UWPTestApp\\UWPTestApp.csproj
		SccProjectTopLevelParentUniqueName4 = Lavspent.DaisyChain.sln
		SccProjectName4 = Samples/Universal/UWPTestApp
		SccLocalPath4 = Samples\\Universal\\UWPTestApp
		SccProjectUniqueName5 = Samples\\Net45\\ConsoleConfigurableFirmataRotaryEncoder\\ConsoleConfigurableFirmataRotaryEncoder.csproj
		SccProjectTopLevelParentUniqueName5 = Lavspent.DaisyChain.sln
		SccProjectName5 = Samples/Net45/ConsoleConfigurableFirmataRotaryEncoder
		SccLocalPath5 = Samples\\Net45\\ConsoleConfigurableFirmataRotaryEncoder
		SccProjectUniqueName6 = Samples\\Net45\\ConsoleFirmataAnalogRead\\ConsoleFirmataAnalogRead.csproj
		SccProjectTopLevelParentUniqueName6 = Lavspent.DaisyChain.sln
		SccProjectName6 = Samples/Net45/ConsoleFirmataAnalogRead
		SccLocalPath6 = Samples\\Net45\\ConsoleFirmataAnalogRead
		SccProjectUniqueName7 = Samples\\Net45\\Clutter\\ClassicDesktopGpioInputTest\\ClassicDesktopGpioInputTest.csproj
		SccProjectTopLevelParentUniqueName7 = Lavspent.DaisyChain.sln
		SccProjectName7 = Samples/Net45/Clutter/ClassicDesktopGpioInputTest
		SccLocalPath7 = Samples\\Net45\\Clutter\\ClassicDesktopGpioInputTest
		SccProjectUniqueName8 = Samples\\Net45\\Clutter\\ClassicDesktopTestApp\\ClassicDesktopTestApp.csproj
		SccProjectTopLevelParentUniqueName8 = Lavspent.DaisyChain.sln
		SccProjectName8 = Samples/Net45/Clutter/ClassicDesktopTestApp
		SccLocalPath8 = Samples\\Net45\\Clutter\\ClassicDesktopTestApp
		SccProjectUniqueName9 = Samples\\Net45\\ConsoleFirmataOneWireDS18B20\\ConsoleFirmataOneWireDS18B20.csproj
		SccProjectTopLevelParentUniqueName9 = Lavspent.DaisyChain.sln
		SccProjectName9 = Samples/Net45/ConsoleFirmataOneWireDS18B20
		SccLocalPath9 = Samples\\Net45\\ConsoleFirmataOneWireDS18B20
		SccProjectUniqueName10 = Samples\\Net45\\ConsoleFirmataCompass\\ConsoleFirmataI2cCompass.csproj
		SccProjectTopLevelParentUniqueName10 = Lavspent.DaisyChain.sln
		SccProjectName10 = Samples/Net45/ConsoleFirmataCompass
		SccLocalPath10 = Samples\\Net45\\ConsoleFirmataCompass
		SccProjectUniqueName11 = Samples\\Net45\\ConsoleFirmataGpio\\ConsoleFirmataGpio.csproj
		SccProjectTopLevelParentUniqueName11 = Lavspent.DaisyChain.sln
		SccProjectName11 = Samples/Net45/ConsoleFirmataGpio
		SccLocalPath11 = Samples\\Net45\\ConsoleFirmataGpio
		SccProjectUniqueName12 = Samples\\Net45\\ConsoleFirmataI2cAccelerometer\\ConsoleFirmataI2cAccelerometer.csproj
		SccProjectTopLevelParentUniqueName12 = Lavspent.DaisyChain.sln
		SccProjectName12 = Samples/Net45/ConsoleFirmataI2cAccelerometer
		SccLocalPath12 = Samples\\Net45\\ConsoleFirmataI2cAccelerometer
		SccProjectUniqueName13 = Samples\\Net45\\ConsoleFirmataI2cMpl3115A2\\ConsoleFirmataI2cMpl3115A2.csproj
		SccProjectTopLevelParentUniqueName13 = Lavspent.DaisyChain.sln
		SccProjectName13 = Samples/Net45/ConsoleFirmataI2cMpl3115A2
		SccLocalPath13 = Samples\\Net45\\ConsoleFirmataI2cMpl3115A2
		SccProjectUniqueName14 = Samples\\Net45\\ConsoleFirmataInterruptGpioEncoder\\ConsoleFirmataInterruptGpioEncoder.csproj
		SccProjectTopLevelParentUniqueName14 = Lavspent.DaisyChain.sln
		SccProjectName14 = Samples/Net45/ConsoleFirmataInterruptGpioEncoder
		SccLocalPath14 = Samples\\Net45\\ConsoleFirmataInterruptGpioEncoder
		SccProjectUniqueName15 = Samples\\Net45\\ConsoleFirmataRotaryEncoder\\ConsoleFirmataRotaryEncoder.csproj
		SccProjectTopLevelParentUniqueName15 = Lavspent.DaisyChain.sln
		SccProjectName15 = Samples/Net45/ConsoleFirmataRotaryEncoder
		SccLocalPath15 = Samples\\Net45\\ConsoleFirmataRotaryEncoder
		SccProjectUniqueName16 = Samples\\Net45\\ConsoleUsbSerialUartOneWire\\ConsoleUsbSerialUartOneWire.csproj
		SccProjectTopLevelParentUniqueName16 = Lavspent.DaisyChain.sln
		SccProjectName16 = Samples/Net45/ConsoleUsbSerialUartOneWire
		SccLocalPath16 = Samples\\Net45\\ConsoleUsbSerialUartOneWire
		SccProjectUniqueName17 = Offpiste\\Uwp\\EnumerateDevices\\EnumerateDevices.csproj
		SccProjectTopLevelParentUniqueName17 = Lavspent.DaisyChain.sln
		SccProjectName17 = Offpiste/Uwp/EnumerateDevices
		SccLocalPath17 = Offpiste\\Uwp\\EnumerateDevices
		SccProjectUniqueName18 = Samples\\Uwp\\ExtendNativeGpio\\ExtendNativeGpio.csproj
		SccProjectTopLevelParentUniqueName18 = Lavspent.DaisyChain.sln
		SccProjectName18 = Samples/Uwp/ExtendNativeGpio
		SccLocalPath18 = Samples\\Uwp\\ExtendNativeGpio
		SccProjectUniqueName19 = Extra\\Lavspent.AsyncInline\\Lavspent.AsyncInline.csproj
		SccProjectTopLevelParentUniqueName19 = Lavspent.DaisyChain.sln
		SccProjectName19 = Extra/Lavspent.AsyncInline
		SccLocalPath19 = Extra\\Lavspent.AsyncInline
		SccProjectUniqueName20 = Extra\\Nito.AsyncLazy\\Nito.AsyncLazy.csproj
		SccProjectTopLevelParentUniqueName20 = Lavspent.DaisyChain.sln
		SccProjectName20 = Extra/Nito.AsyncLazy
		SccLocalPath20 = Extra\\Nito.AsyncLazy
		SccProjectUniqueName21 = Extra\\Lavspent.Backport\\Lavspent.Backport.csproj
		SccProjectTopLevelParentUniqueName21 = Lavspent.DaisyChain.sln
		SccProjectName21 = Extra/Lavspent.Backport
		SccLocalPath21 = Extra\\Lavspent.Backport
		SccProjectUniqueName22 = Extra\\Lavspent.TaskReactor\\Lavspent.TaskReactor.csproj
		SccProjectTopLevelParentUniqueName22 = Lavspent.DaisyChain.sln
		SccProjectName22 = Extra/Lavspent.TaskReactor
		SccLocalPath22 = Extra\\Lavspent.TaskReactor
		SccProjectUniqueName23 = Extra\\Lavspent.RuntimeTypeDispatcher\\Lavspent.RuntimeTypeDispatcher.csproj
		SccProjectTopLevelParentUniqueName23 = Lavspent.DaisyChain.sln
		SccProjectName23 = Extra/Lavspent.RuntimeTypeDispatcher
		SccLocalPath23 = Extra\\Lavspent.RuntimeTypeDispatcher
		SccProjectUniqueName24 = DaisyChain\\Lavspent.DaisyChain\\Lavspent.DaisyChain.csproj
		SccProjectTopLevelParentUniqueName24 = Lavspent.DaisyChain.sln
		SccProjectName24 = DaisyChain/Lavspent.DaisyChain
		SccLocalPath24 = DaisyChain\\Lavspent.DaisyChain
		SccProjectUniqueName25 = DaisyChain\\Lavspent.DaisyChain.Uwp\\Lavspent.DaisyChain.Uwp.csproj
		SccProjectTopLevelParentUniqueName25 = Lavspent.DaisyChain.sln
		SccProjectName25 = DaisyChain/Lavspent.DaisyChain.Uwp
		SccLocalPath25 = DaisyChain\\Lavspent.DaisyChain.Uwp
		SccProjectUniqueName26 = DaisyChain\\Lavspent.DaisyChain.Devices\\Lavspent.DaisyChain.Devices.csproj
		SccProjectTopLevelParentUniqueName26 = Lavspent.DaisyChain.sln
		SccProjectName26 = DaisyChain/Lavspent.DaisyChain.Devices
		SccLocalPath26 = DaisyChain\\Lavspent.DaisyChain.Devices
		SccProjectUniqueName27 = DaisyChain\\Lavspent.DaisyChain.Firmata\\Lavspent.DaisyChain.Firmata.csproj
		SccProjectTopLevelParentUniqueName27 = Lavspent.DaisyChain.sln
		SccProjectName27 = DaisyChain/Lavspent.DaisyChain.Firmata
		SccLocalPath27 = DaisyChain\\Lavspent.DaisyChain.Firmata
		SccProjectUniqueName28 = DaisyChain\\Lavspent.DaisyChain.Net45\\Lavspent.DaisyChain.Net45.csproj
		SccProjectTopLevelParentUniqueName28 = Lavspent.DaisyChain.sln
		SccProjectName28 = DaisyChain/Lavspent.DaisyChain.Net45
		SccLocalPath28 = DaisyChain\\Lavspent.DaisyChain.Net45
		SccProjectUniqueName29 = DaisyChain\\Lavspent.DaisyChain.Mocks\\Lavspent.DaisyChain.Mocks.csproj
		SccProjectTopLevelParentUniqueName29 = Lavspent.DaisyChain.sln
		SccProjectName29 = DaisyChain/Lavspent.DaisyChain.Mocks
		SccLocalPath29 = DaisyChain\\Lavspent.DaisyChain.Mocks
		SccProjectUniqueName30 = DaisyChain\\Lavspent.DaisyChain.Fluent\\Lavspent.DaisyChain.Fluent.csproj
		SccProjectTopLevelParentUniqueName30 = Lavspent.DaisyChain.sln
		SccProjectName30 = DaisyChain/Lavspent.DaisyChain.Fluent
		SccLocalPath30 = DaisyChain\\Lavspent.DaisyChain.Fluent
		SccProjectUniqueName31 = Offpiste\\Uwp\\D2xxTest\\D2xxTest.csproj
		SccProjectTopLevelParentUniqueName31 = Lavspent.DaisyChain.sln
		SccProjectName31 = Offpiste/Uwp/D2xxTest
		SccLocalPath31 = Offpiste\\Uwp\\D2xxTest
		SccProjectUniqueName32 = Samples\\Net45\\ConsoleFirmataI2cSd1306\\ConsoleFirmataI2cSd1306.csproj
		SccProjectTopLevelParentUniqueName32 = Lavspent.DaisyChain.sln
		SccProjectName32 = Samples/Net45/ConsoleFirmataI2cSd1306
		SccLocalPath32 = Samples\\Net45\\ConsoleFirmataI2cSd1306
		SccProjectUniqueName33 = Offpiste\\Lavspent.DaisyChain.Adafruit\\Lavspent.DaisyChain.Adafruit.csproj
		SccProjectTopLevelParentUniqueName33 = Lavspent.DaisyChain.sln
		SccProjectName33 = Offpiste/Lavspent.DaisyChain.Adafruit
		SccLocalPath33 = Offpiste\\Lavspent.DaisyChain.Adafruit
	EndGlobalSection
EndGlobal
